// !$*UTF8*$!
{
	archiveVersion = 1;
	classes = {
	};
	objectVersion = 51;
	objects = {

/* Begin PBXBuildFile section */
		034124A524C5CE0B009AC83D /* Constant.swift in Sources */ = {isa = PBXBuildFile; fileRef = 0341248424C5CE0B009AC83D /* Constant.swift */; };
		034124A624C5CE0B009AC83D /* APP+NAVIGATION.swift in Sources */ = {isa = PBXBuildFile; fileRef = 0341248524C5CE0B009AC83D /* APP+NAVIGATION.swift */; };
		034124A724C5CE0B009AC83D /* Common.swift in Sources */ = {isa = PBXBuildFile; fileRef = 0341248624C5CE0B009AC83D /* Common.swift */; };
		034124A824C5CE0B009AC83D /* ImageAssets.swift in Sources */ = {isa = PBXBuildFile; fileRef = 0341248724C5CE0B009AC83D /* ImageAssets.swift */; };
		034124A924C5CE0B009AC83D /* Localizable.strings in Resources */ = {isa = PBXBuildFile; fileRef = 0341248824C5CE0B009AC83D /* Localizable.strings */; };
		034124AA24C5CE0B009AC83D /* PreferenceHelper.swift in Sources */ = {isa = PBXBuildFile; fileRef = 0341248924C5CE0B009AC83D /* PreferenceHelper.swift */; };
		034124AB24C5CE0B009AC83D /* AlamofireHelper.swift in Sources */ = {isa = PBXBuildFile; fileRef = 0341248C24C5CE0B009AC83D /* AlamofireHelper.swift */; };
		034124AC24C5CE0B009AC83D /* AppWebApi.swift in Sources */ = {isa = PBXBuildFile; fileRef = 0341248D24C5CE0B009AC83D /* AppWebApi.swift */; };
		034124AD24C5CE0B009AC83D /* Reachability.swift in Sources */ = {isa = PBXBuildFile; fileRef = 0341248E24C5CE0B009AC83D /* Reachability.swift */; };
		034124AE24C5CE0B009AC83D /* ResponseModel.swift in Sources */ = {isa = PBXBuildFile; fileRef = 0341248F24C5CE0B009AC83D /* ResponseModel.swift */; };
		034124B124C5CE0B009AC83D /* UserWebService.swift in Sources */ = {isa = PBXBuildFile; fileRef = 0341249224C5CE0B009AC83D /* UserWebService.swift */; };
		034124B324C5CE0B009AC83D /* CityWebService.swift in Sources */ = {isa = PBXBuildFile; fileRef = 0341249424C5CE0B009AC83D /* CityWebService.swift */; };
		034124B424C5CE0B009AC83D /* Singleton.swift in Sources */ = {isa = PBXBuildFile; fileRef = 0341249524C5CE0B009AC83D /* Singleton.swift */; };
		034124B524C5CE0B009AC83D /* CountriesWebService.swift in Sources */ = {isa = PBXBuildFile; fileRef = 0341249624C5CE0B009AC83D /* CountriesWebService.swift */; };
		034124B724C5CE0B009AC83D /* SettingPreferenceWebservice.swift in Sources */ = {isa = PBXBuildFile; fileRef = 0341249824C5CE0B009AC83D /* SettingPreferenceWebservice.swift */; };
		034124B924C5CE0B009AC83D /* AddressWebService.swift in Sources */ = {isa = PBXBuildFile; fileRef = 0341249A24C5CE0B009AC83D /* AddressWebService.swift */; };
		034124BA24C5CE0B009AC83D /* AppTheme.swift in Sources */ = {isa = PBXBuildFile; fileRef = 0341249B24C5CE0B009AC83D /* AppTheme.swift */; };
		034124BB24C5CE0B009AC83D /* ThemeLabel.swift in Sources */ = {isa = PBXBuildFile; fileRef = 0341249D24C5CE0B009AC83D /* ThemeLabel.swift */; };
		034124BC24C5CE0B009AC83D /* ThemeTextField.swift in Sources */ = {isa = PBXBuildFile; fileRef = 0341249E24C5CE0B009AC83D /* ThemeTextField.swift */; };
		034124BD24C5CE0B009AC83D /* PinterestLayout.swift in Sources */ = {isa = PBXBuildFile; fileRef = 0341249F24C5CE0B009AC83D /* PinterestLayout.swift */; };
		034124BE24C5CE0B009AC83D /* ThemeView.swift in Sources */ = {isa = PBXBuildFile; fileRef = 034124A024C5CE0B009AC83D /* ThemeView.swift */; };
		034124BF24C5CE0B009AC83D /* ThemeButton.swift in Sources */ = {isa = PBXBuildFile; fileRef = 034124A124C5CE0B009AC83D /* ThemeButton.swift */; };
		034124C024C5CE0B009AC83D /* ThemeBottomDialog.swift in Sources */ = {isa = PBXBuildFile; fileRef = 034124A224C5CE0B009AC83D /* ThemeBottomDialog.swift */; };
		034124C124C5CE0B009AC83D /* Main.swift in Sources */ = {isa = PBXBuildFile; fileRef = 034124A324C5CE0B009AC83D /* Main.swift */; };
		034124C224C5CE0B009AC83D /* FontHelper.swift in Sources */ = {isa = PBXBuildFile; fileRef = 034124A424C5CE0B009AC83D /* FontHelper.swift */; };
		034124E724C5CE8A009AC83D /* Loader.swift in Sources */ = {isa = PBXBuildFile; fileRef = 034124C324C5CE89009AC83D /* Loader.swift */; };
		034124E824C5CE8A009AC83D /* EditProfileTextfield.swift in Sources */ = {isa = PBXBuildFile; fileRef = 034124C524C5CE89009AC83D /* EditProfileTextfield.swift */; };
		034124E924C5CE8A009AC83D /* ACFloatingTextfield.swift in Sources */ = {isa = PBXBuildFile; fileRef = 034124C624C5CE89009AC83D /* ACFloatingTextfield.swift */; };
		034124EA24C5CE8A009AC83D /* TextField + InputConfiguration.swift in Sources */ = {isa = PBXBuildFile; fileRef = 034124C724C5CE89009AC83D /* TextField + InputConfiguration.swift */; };
		034124EB24C5CE8A009AC83D /* RatingView.swift in Sources */ = {isa = PBXBuildFile; fileRef = 034124C824C5CE8A009AC83D /* RatingView.swift */; };
		034124EC24C5CE8A009AC83D /* JDSegmentControl.swift in Sources */ = {isa = PBXBuildFile; fileRef = 034124C924C5CE8A009AC83D /* JDSegmentControl.swift */; };
		034124ED24C5CE8A009AC83D /* GoogleMapHelper.swift in Sources */ = {isa = PBXBuildFile; fileRef = 034124CA24C5CE8A009AC83D /* GoogleMapHelper.swift */; };
		034124EE24C5CE8A009AC83D /* DataType + Extesnion.swift in Sources */ = {isa = PBXBuildFile; fileRef = 034124CE24C5CE8A009AC83D /* DataType + Extesnion.swift */; };
		034124EF24C5CE8A009AC83D /* NSObject + Extension.swift in Sources */ = {isa = PBXBuildFile; fileRef = 034124CF24C5CE8A009AC83D /* NSObject + Extension.swift */; };
		034124F024C5CE8A009AC83D /* String + TypeCasting.swift in Sources */ = {isa = PBXBuildFile; fileRef = 034124D124C5CE8A009AC83D /* String + TypeCasting.swift */; };
		034124F124C5CE8A009AC83D /* String + Validation.swift in Sources */ = {isa = PBXBuildFile; fileRef = 034124D224C5CE8A009AC83D /* String + Validation.swift */; };
		034124F224C5CE8A009AC83D /* String+Localization.swift in Sources */ = {isa = PBXBuildFile; fileRef = 034124D324C5CE8A009AC83D /* String+Localization.swift */; };
		034124F324C5CE8A009AC83D /* JDSubclasses + UIControl.swift in Sources */ = {isa = PBXBuildFile; fileRef = 034124D524C5CE8A009AC83D /* JDSubclasses + UIControl.swift */; };
		034124F424C5CE8A009AC83D /* UBottomSheetCoordinatorDelegate.swift in Sources */ = {isa = PBXBuildFile; fileRef = 034124D824C5CE8A009AC83D /* UBottomSheetCoordinatorDelegate.swift */; };
		034124F524C5CE8A009AC83D /* PassThroughView.swift in Sources */ = {isa = PBXBuildFile; fileRef = 034124D924C5CE8A009AC83D /* PassThroughView.swift */; };
		034124F624C5CE8A009AC83D /* UBottomSheetCoordinatorDataSource.swift in Sources */ = {isa = PBXBuildFile; fileRef = 034124DA24C5CE8A009AC83D /* UBottomSheetCoordinatorDataSource.swift */; };
		034124F724C5CE8A009AC83D /* UBottomSheetCoordinator.swift in Sources */ = {isa = PBXBuildFile; fileRef = 034124DB24C5CE8A009AC83D /* UBottomSheetCoordinator.swift */; };
		034124F824C5CE8A009AC83D /* Extensions.swift in Sources */ = {isa = PBXBuildFile; fileRef = 034124DC24C5CE8A009AC83D /* Extensions.swift */; };
		034124F924C5CE8A009AC83D /* Animatable.swift in Sources */ = {isa = PBXBuildFile; fileRef = 034124DD24C5CE8A009AC83D /* Animatable.swift */; };
		034124FA24C5CE8A009AC83D /* Draggable.swift in Sources */ = {isa = PBXBuildFile; fileRef = 034124DE24C5CE8A009AC83D /* Draggable.swift */; };
		034124FB24C5CE8A009AC83D /* DefaultSheetAnimator.swift in Sources */ = {isa = PBXBuildFile; fileRef = 034124DF24C5CE8A009AC83D /* DefaultSheetAnimator.swift */; };
		034124FC24C5CE8A009AC83D /* JDDeviceHelper.swift in Sources */ = {isa = PBXBuildFile; fileRef = 034124E024C5CE8A009AC83D /* JDDeviceHelper.swift */; };
		034124FD24C5CE8A009AC83D /* UIView + Extension.swift in Sources */ = {isa = PBXBuildFile; fileRef = 034124E224C5CE8A009AC83D /* UIView + Extension.swift */; };
		034124FE24C5CE8A009AC83D /* UIViewController + Extension.swift in Sources */ = {isa = PBXBuildFile; fileRef = 034124E324C5CE8A009AC83D /* UIViewController + Extension.swift */; };
		034124FF24C5CE8A009AC83D /* UITextField + Extension.swift in Sources */ = {isa = PBXBuildFile; fileRef = 034124E424C5CE8A009AC83D /* UITextField + Extension.swift */; };
		0341250024C5CE8A009AC83D /* JDImageExtension.swift in Sources */ = {isa = PBXBuildFile; fileRef = 034124E524C5CE8A009AC83D /* JDImageExtension.swift */; };
		0341250124C5CE8A009AC83D /* LocationHelper.swift in Sources */ = {isa = PBXBuildFile; fileRef = 034124E624C5CE8A009AC83D /* LocationHelper.swift */; };
		0342137124C6B3C500ABB285 /* LaunchVC.xib in Resources */ = {isa = PBXBuildFile; fileRef = 0342136F24C6B3C500ABB285 /* LaunchVC.xib */; };
		0342137224C6B3C500ABB285 /* LaunchVC.swift in Sources */ = {isa = PBXBuildFile; fileRef = 0342137024C6B3C500ABB285 /* LaunchVC.swift */; };
		0345189524C7F6DF00AF7026 /* FilterTblCell.swift in Sources */ = {isa = PBXBuildFile; fileRef = 0345189324C7F6DF00AF7026 /* FilterTblCell.swift */; };
		0345189624C7F6DF00AF7026 /* FilterTblCell.xib in Resources */ = {isa = PBXBuildFile; fileRef = 0345189424C7F6DF00AF7026 /* FilterTblCell.xib */; };
		034518B124C8106A00AF7026 /* CustomAlertConfirmation.xib in Resources */ = {isa = PBXBuildFile; fileRef = 0345189824C8106A00AF7026 /* CustomAlertConfirmation.xib */; };
		034518B224C8106A00AF7026 /* CustomAlertConfirmation.swift in Sources */ = {isa = PBXBuildFile; fileRef = 0345189924C8106A00AF7026 /* CustomAlertConfirmation.swift */; };
		034518B324C8106A00AF7026 /* CustomAlert.xib in Resources */ = {isa = PBXBuildFile; fileRef = 0345189B24C8106A00AF7026 /* CustomAlert.xib */; };
		034518B424C8106A00AF7026 /* CustomAlert.swift in Sources */ = {isa = PBXBuildFile; fileRef = 0345189C24C8106A00AF7026 /* CustomAlert.swift */; };
		034518B524C8106A00AF7026 /* CustomTextViewDialog.swift in Sources */ = {isa = PBXBuildFile; fileRef = 0345189E24C8106A00AF7026 /* CustomTextViewDialog.swift */; };
		034518B624C8106A00AF7026 /* CustomTextViewDialog.xib in Resources */ = {isa = PBXBuildFile; fileRef = 0345189F24C8106A00AF7026 /* CustomTextViewDialog.xib */; };
		034518B724C8106A00AF7026 /* CustomCountryPhoneCodePickerCell.swift in Sources */ = {isa = PBXBuildFile; fileRef = 034518A324C8106A00AF7026 /* CustomCountryPhoneCodePickerCell.swift */; };
		034518B824C8106A00AF7026 /* CustomCountryPhoneCodePickerCell.xib in Resources */ = {isa = PBXBuildFile; fileRef = 034518A424C8106A00AF7026 /* CustomCountryPhoneCodePickerCell.xib */; };
		034518B924C8106A00AF7026 /* country_list.json in Resources */ = {isa = PBXBuildFile; fileRef = 034518A524C8106A00AF7026 /* country_list.json */; };
		034518BA24C8106A00AF7026 /* CustomCountryPhoneCodePicker.swift in Sources */ = {isa = PBXBuildFile; fileRef = 034518A624C8106A00AF7026 /* CustomCountryPhoneCodePicker.swift */; };
		034518BB24C8106A00AF7026 /* CustomCountryPhoneCodePicker.xib in Resources */ = {isa = PBXBuildFile; fileRef = 034518A724C8106A00AF7026 /* CustomCountryPhoneCodePicker.xib */; };
		034518BC24C8106A00AF7026 /* CustomMobileNumberDialog.xib in Resources */ = {isa = PBXBuildFile; fileRef = 034518A924C8106A00AF7026 /* CustomMobileNumberDialog.xib */; };
		034518BD24C8106A00AF7026 /* CustomMobileNumberDialog.swift in Sources */ = {isa = PBXBuildFile; fileRef = 034518AA24C8106A00AF7026 /* CustomMobileNumberDialog.swift */; };
		034518BE24C8106A00AF7026 /* CustomTextFieldDialog.xib in Resources */ = {isa = PBXBuildFile; fileRef = 034518AC24C8106A00AF7026 /* CustomTextFieldDialog.xib */; };
		034518BF24C8106A00AF7026 /* CustomTextFieldDialog.swift in Sources */ = {isa = PBXBuildFile; fileRef = 034518AD24C8106A00AF7026 /* CustomTextFieldDialog.swift */; };
		034518C024C8106A00AF7026 /* TextViewDialog.xib in Resources */ = {isa = PBXBuildFile; fileRef = 034518AF24C8106A00AF7026 /* TextViewDialog.xib */; };
		034518C124C8106A00AF7026 /* TextViewDialog.swift in Sources */ = {isa = PBXBuildFile; fileRef = 034518B024C8106A00AF7026 /* TextViewDialog.swift */; };
		034518C524C810E500AF7026 /* FingerPrintDialog.xib in Resources */ = {isa = PBXBuildFile; fileRef = 034518C324C810E500AF7026 /* FingerPrintDialog.xib */; };
		034518C624C810E500AF7026 /* FingerPrintDialog.swift in Sources */ = {isa = PBXBuildFile; fileRef = 034518C424C810E500AF7026 /* FingerPrintDialog.swift */; };
		034518CE24C8221200AF7026 /* BookingDetailVC.xib in Resources */ = {isa = PBXBuildFile; fileRef = 034518C924C8221200AF7026 /* BookingDetailVC.xib */; };
		034518CF24C8221200AF7026 /* BookingDetailTblCell.xib in Resources */ = {isa = PBXBuildFile; fileRef = 034518CB24C8221200AF7026 /* BookingDetailTblCell.xib */; };
		034518D024C8221200AF7026 /* BookingDetailTblCell.swift in Sources */ = {isa = PBXBuildFile; fileRef = 034518CC24C8221200AF7026 /* BookingDetailTblCell.swift */; };
		034518D124C8221200AF7026 /* BookingDetailVC.swift in Sources */ = {isa = PBXBuildFile; fileRef = 034518CD24C8221200AF7026 /* BookingDetailVC.swift */; };
		034518EF24C84DC700AF7026 /* MapLocationVC.xib in Resources */ = {isa = PBXBuildFile; fileRef = 034518D524C84DC700AF7026 /* MapLocationVC.xib */; };
		034518F024C84DC700AF7026 /* AutocompleteLocationCell.xib in Resources */ = {isa = PBXBuildFile; fileRef = 034518D724C84DC700AF7026 /* AutocompleteLocationCell.xib */; };
		034518F124C84DC700AF7026 /* AutocompleteLocationCell.swift in Sources */ = {isa = PBXBuildFile; fileRef = 034518D824C84DC700AF7026 /* AutocompleteLocationCell.swift */; };
		034518F224C84DC800AF7026 /* MapLocationVC.swift in Sources */ = {isa = PBXBuildFile; fileRef = 034518D924C84DC700AF7026 /* MapLocationVC.swift */; };
		034518F324C84DC800AF7026 /* GallaryVC.swift in Sources */ = {isa = PBXBuildFile; fileRef = 034518DC24C84DC700AF7026 /* GallaryVC.swift */; };
		034518F424C84DC800AF7026 /* PhotoCell.swift in Sources */ = {isa = PBXBuildFile; fileRef = 034518DE24C84DC700AF7026 /* PhotoCell.swift */; };
		034518F524C84DC800AF7026 /* PhotoCell.xib in Resources */ = {isa = PBXBuildFile; fileRef = 034518DF24C84DC700AF7026 /* PhotoCell.xib */; };
		034518F624C84DC800AF7026 /* GallaryVC.xib in Resources */ = {isa = PBXBuildFile; fileRef = 034518E024C84DC700AF7026 /* GallaryVC.xib */; };
		034518F724C84DC800AF7026 /* UIImageCropperVC.xib in Resources */ = {isa = PBXBuildFile; fileRef = 034518E324C84DC700AF7026 /* UIImageCropperVC.xib */; };
		034518F824C84DC800AF7026 /* UIImageCropperVC.swift in Sources */ = {isa = PBXBuildFile; fileRef = 034518E424C84DC700AF7026 /* UIImageCropperVC.swift */; };
		034518F924C84DC800AF7026 /* UIImage+FixOrientation.swift in Sources */ = {isa = PBXBuildFile; fileRef = 034518E524C84DC700AF7026 /* UIImage+FixOrientation.swift */; };
		034518FA24C84DC800AF7026 /* CustomPhotoPicker.swift in Sources */ = {isa = PBXBuildFile; fileRef = 034518E724C84DC700AF7026 /* CustomPhotoPicker.swift */; };
		034518FB24C84DC800AF7026 /* CustomPhotoPicker.xib in Resources */ = {isa = PBXBuildFile; fileRef = 034518E824C84DC700AF7026 /* CustomPhotoPicker.xib */; };
		034518FC24C84DC800AF7026 /* CameraVC.xib in Resources */ = {isa = PBXBuildFile; fileRef = 034518EB24C84DC700AF7026 /* CameraVC.xib */; };
		034518FD24C84DC800AF7026 /* CameraController.swift in Sources */ = {isa = PBXBuildFile; fileRef = 034518ED24C84DC700AF7026 /* CameraController.swift */; };
		034518FE24C84DC800AF7026 /* CameraVC.swift in Sources */ = {isa = PBXBuildFile; fileRef = 034518EE24C84DC700AF7026 /* CameraVC.swift */; };
		0345190424C84FE700AF7026 /* MapBookVC.xib in Resources */ = {isa = PBXBuildFile; fileRef = 0345190124C84FE700AF7026 /* MapBookVC.xib */; };
		0345190524C84FE700AF7026 /* MapBook + MapView.swift in Sources */ = {isa = PBXBuildFile; fileRef = 0345190224C84FE700AF7026 /* MapBook + MapView.swift */; };
		0345190624C84FE700AF7026 /* MapBookVC.swift in Sources */ = {isa = PBXBuildFile; fileRef = 0345190324C84FE700AF7026 /* MapBookVC.swift */; };
		0345190924C85EBE00AF7026 /* styleable_map.json in Resources */ = {isa = PBXBuildFile; fileRef = 0345190824C85EBE00AF7026 /* styleable_map.json */; };
		0345190D24C85FD000AF7026 /* ScanQRDialog.xib in Resources */ = {isa = PBXBuildFile; fileRef = 0345190B24C85FCF00AF7026 /* ScanQRDialog.xib */; };
		0345190E24C85FD000AF7026 /* ScanQRDialog.swift in Sources */ = {isa = PBXBuildFile; fileRef = 0345190C24C85FD000AF7026 /* ScanQRDialog.swift */; };
		0345191024C86DF300AF7026 /* DashedCircleView.swift in Sources */ = {isa = PBXBuildFile; fileRef = 0345190F24C86DF300AF7026 /* DashedCircleView.swift */; };
		0345191524C8711D00AF7026 /* ServiceStatusVC.xib in Resources */ = {isa = PBXBuildFile; fileRef = 0345191324C8711D00AF7026 /* ServiceStatusVC.xib */; };
		0345191624C8711D00AF7026 /* ServiceStatusVC.swift in Sources */ = {isa = PBXBuildFile; fileRef = 0345191424C8711D00AF7026 /* ServiceStatusVC.swift */; };
		038AF12224C5E1DE00DDDDDA /* LoginVC.xib in Resources */ = {isa = PBXBuildFile; fileRef = 038AF10C24C5E1DE00DDDDDA /* LoginVC.xib */; };
		038AF12324C5E1DE00DDDDDA /* LoginVC.swift in Sources */ = {isa = PBXBuildFile; fileRef = 038AF10D24C5E1DE00DDDDDA /* LoginVC.swift */; };
		038AF14224C5E47200DDDDDA /* HomeVC.xib in Resources */ = {isa = PBXBuildFile; fileRef = 038AF13D24C5E47200DDDDDA /* HomeVC.xib */; };
		038AF14324C5E47200DDDDDA /* HomeVC.swift in Sources */ = {isa = PBXBuildFile; fileRef = 038AF13E24C5E47200DDDDDA /* HomeVC.swift */; };
		038AF14424C5E47200DDDDDA /* MyBookingTblCell.swift in Sources */ = {isa = PBXBuildFile; fileRef = 038AF14024C5E47200DDDDDA /* MyBookingTblCell.swift */; };
		038AF14524C5E47200DDDDDA /* MyBookingTblCell.xib in Resources */ = {isa = PBXBuildFile; fileRef = 038AF14124C5E47200DDDDDA /* MyBookingTblCell.xib */; };
		63415E33246FB5C600F0D7A0 /* Nunito-Light.ttf in Resources */ = {isa = PBXBuildFile; fileRef = 63415E2F246FB5C600F0D7A0 /* Nunito-Light.ttf */; };
		63415E34246FB5C600F0D7A0 /* Nunito-Regular.ttf in Resources */ = {isa = PBXBuildFile; fileRef = 63415E30246FB5C600F0D7A0 /* Nunito-Regular.ttf */; };
		63415E35246FB5C600F0D7A0 /* Nunito-SemiBold.ttf in Resources */ = {isa = PBXBuildFile; fileRef = 63415E31246FB5C600F0D7A0 /* Nunito-SemiBold.ttf */; };
		63415E36246FB5C600F0D7A0 /* Nunito-Bold.ttf in Resources */ = {isa = PBXBuildFile; fileRef = 63415E32246FB5C600F0D7A0 /* Nunito-Bold.ttf */; };
		636DDB9224750D140014C7DC /* MobileCoreServices.framework in Frameworks */ = {isa = PBXBuildFile; fileRef = 636DDB9124750D140014C7DC /* MobileCoreServices.framework */; };
		63ABC1A5246D650D00360F07 /* SceneDelegate.swift in Sources */ = {isa = PBXBuildFile; fileRef = 63ABC0EB246D650B00360F07 /* SceneDelegate.swift */; };
		63ABC1A6246D650D00360F07 /* AppDelegate.swift in Sources */ = {isa = PBXBuildFile; fileRef = 63ABC0EC246D650B00360F07 /* AppDelegate.swift */; };
		63ABC1B1246D650D00360F07 /* UploadDocumentDialog.xib in Resources */ = {isa = PBXBuildFile; fileRef = 63ABC101246D650B00360F07 /* UploadDocumentDialog.xib */; };
		63ABC1B2246D650D00360F07 /* UploadDocumentDialog.swift in Sources */ = {isa = PBXBuildFile; fileRef = 63ABC102246D650B00360F07 /* UploadDocumentDialog.swift */; };
		63ABC1B3246D650D00360F07 /* DocumentTblCell.swift in Sources */ = {isa = PBXBuildFile; fileRef = 63ABC104246D650B00360F07 /* DocumentTblCell.swift */; };
		63ABC1B4246D650D00360F07 /* DocumentTblCell.xib in Resources */ = {isa = PBXBuildFile; fileRef = 63ABC105246D650B00360F07 /* DocumentTblCell.xib */; };
		63ABC1F0246D650D00360F07 /* CommonColor.xcassets in Resources */ = {isa = PBXBuildFile; fileRef = 63ABC17E246D650D00360F07 /* CommonColor.xcassets */; };
		63ABC1F1246D650D00360F07 /* Assets.xcassets in Resources */ = {isa = PBXBuildFile; fileRef = 63ABC17F246D650D00360F07 /* Assets.xcassets */; };
		63ABC1F2246D650D00360F07 /* TherapistImages.xcassets in Resources */ = {isa = PBXBuildFile; fileRef = 63ABC180246D650D00360F07 /* TherapistImages.xcassets */; };
		63ABC1FB246D66B800360F07 /* LocalAuthentication.framework in Frameworks */ = {isa = PBXBuildFile; fileRef = 63ABC1FA246D66B800360F07 /* LocalAuthentication.framework */; };
		995CBCAE73040B4398225571 /* Pods_Therapist_TerraHeal.framework in Frameworks */ = {isa = PBXBuildFile; fileRef = EA8A6F056877617A8E08DADC /* Pods_Therapist_TerraHeal.framework */; };
/* End PBXBuildFile section */

/* Begin PBXFileReference section */
		0341248424C5CE0B009AC83D /* Constant.swift */ = {isa = PBXFileReference; fileEncoding = 4; lastKnownFileType = sourcecode.swift; path = Constant.swift; sourceTree = "<group>"; };
		0341248524C5CE0B009AC83D /* APP+NAVIGATION.swift */ = {isa = PBXFileReference; fileEncoding = 4; lastKnownFileType = sourcecode.swift; path = "APP+NAVIGATION.swift"; sourceTree = "<group>"; };
		0341248624C5CE0B009AC83D /* Common.swift */ = {isa = PBXFileReference; fileEncoding = 4; lastKnownFileType = sourcecode.swift; path = Common.swift; sourceTree = "<group>"; };
		0341248724C5CE0B009AC83D /* ImageAssets.swift */ = {isa = PBXFileReference; fileEncoding = 4; lastKnownFileType = sourcecode.swift; path = ImageAssets.swift; sourceTree = "<group>"; };
		0341248824C5CE0B009AC83D /* Localizable.strings */ = {isa = PBXFileReference; fileEncoding = 4; lastKnownFileType = text.plist.strings; path = Localizable.strings; sourceTree = "<group>"; };
		0341248924C5CE0B009AC83D /* PreferenceHelper.swift */ = {isa = PBXFileReference; fileEncoding = 4; lastKnownFileType = sourcecode.swift; path = PreferenceHelper.swift; sourceTree = "<group>"; };
		0341248C24C5CE0B009AC83D /* AlamofireHelper.swift */ = {isa = PBXFileReference; fileEncoding = 4; lastKnownFileType = sourcecode.swift; path = AlamofireHelper.swift; sourceTree = "<group>"; };
		0341248D24C5CE0B009AC83D /* AppWebApi.swift */ = {isa = PBXFileReference; fileEncoding = 4; lastKnownFileType = sourcecode.swift; path = AppWebApi.swift; sourceTree = "<group>"; };
		0341248E24C5CE0B009AC83D /* Reachability.swift */ = {isa = PBXFileReference; fileEncoding = 4; lastKnownFileType = sourcecode.swift; path = Reachability.swift; sourceTree = "<group>"; };
		0341248F24C5CE0B009AC83D /* ResponseModel.swift */ = {isa = PBXFileReference; fileEncoding = 4; lastKnownFileType = sourcecode.swift; path = ResponseModel.swift; sourceTree = "<group>"; };
		0341249224C5CE0B009AC83D /* UserWebService.swift */ = {isa = PBXFileReference; fileEncoding = 4; lastKnownFileType = sourcecode.swift; path = UserWebService.swift; sourceTree = "<group>"; };
		0341249424C5CE0B009AC83D /* CityWebService.swift */ = {isa = PBXFileReference; fileEncoding = 4; lastKnownFileType = sourcecode.swift; path = CityWebService.swift; sourceTree = "<group>"; };
		0341249524C5CE0B009AC83D /* Singleton.swift */ = {isa = PBXFileReference; fileEncoding = 4; lastKnownFileType = sourcecode.swift; path = Singleton.swift; sourceTree = "<group>"; };
		0341249624C5CE0B009AC83D /* CountriesWebService.swift */ = {isa = PBXFileReference; fileEncoding = 4; lastKnownFileType = sourcecode.swift; path = CountriesWebService.swift; sourceTree = "<group>"; };
		0341249824C5CE0B009AC83D /* SettingPreferenceWebservice.swift */ = {isa = PBXFileReference; fileEncoding = 4; lastKnownFileType = sourcecode.swift; path = SettingPreferenceWebservice.swift; sourceTree = "<group>"; };
		0341249A24C5CE0B009AC83D /* AddressWebService.swift */ = {isa = PBXFileReference; fileEncoding = 4; lastKnownFileType = sourcecode.swift; path = AddressWebService.swift; sourceTree = "<group>"; };
		0341249B24C5CE0B009AC83D /* AppTheme.swift */ = {isa = PBXFileReference; fileEncoding = 4; lastKnownFileType = sourcecode.swift; path = AppTheme.swift; sourceTree = "<group>"; };
		0341249D24C5CE0B009AC83D /* ThemeLabel.swift */ = {isa = PBXFileReference; fileEncoding = 4; lastKnownFileType = sourcecode.swift; path = ThemeLabel.swift; sourceTree = "<group>"; };
		0341249E24C5CE0B009AC83D /* ThemeTextField.swift */ = {isa = PBXFileReference; fileEncoding = 4; lastKnownFileType = sourcecode.swift; path = ThemeTextField.swift; sourceTree = "<group>"; };
		0341249F24C5CE0B009AC83D /* PinterestLayout.swift */ = {isa = PBXFileReference; fileEncoding = 4; lastKnownFileType = sourcecode.swift; path = PinterestLayout.swift; sourceTree = "<group>"; };
		034124A024C5CE0B009AC83D /* ThemeView.swift */ = {isa = PBXFileReference; fileEncoding = 4; lastKnownFileType = sourcecode.swift; path = ThemeView.swift; sourceTree = "<group>"; };
		034124A124C5CE0B009AC83D /* ThemeButton.swift */ = {isa = PBXFileReference; fileEncoding = 4; lastKnownFileType = sourcecode.swift; path = ThemeButton.swift; sourceTree = "<group>"; };
		034124A224C5CE0B009AC83D /* ThemeBottomDialog.swift */ = {isa = PBXFileReference; fileEncoding = 4; lastKnownFileType = sourcecode.swift; path = ThemeBottomDialog.swift; sourceTree = "<group>"; };
		034124A324C5CE0B009AC83D /* Main.swift */ = {isa = PBXFileReference; fileEncoding = 4; lastKnownFileType = sourcecode.swift; path = Main.swift; sourceTree = "<group>"; };
		034124A424C5CE0B009AC83D /* FontHelper.swift */ = {isa = PBXFileReference; fileEncoding = 4; lastKnownFileType = sourcecode.swift; path = FontHelper.swift; sourceTree = "<group>"; };
		034124C324C5CE89009AC83D /* Loader.swift */ = {isa = PBXFileReference; fileEncoding = 4; lastKnownFileType = sourcecode.swift; path = Loader.swift; sourceTree = "<group>"; };
		034124C524C5CE89009AC83D /* EditProfileTextfield.swift */ = {isa = PBXFileReference; fileEncoding = 4; lastKnownFileType = sourcecode.swift; path = EditProfileTextfield.swift; sourceTree = "<group>"; };
		034124C624C5CE89009AC83D /* ACFloatingTextfield.swift */ = {isa = PBXFileReference; fileEncoding = 4; lastKnownFileType = sourcecode.swift; path = ACFloatingTextfield.swift; sourceTree = "<group>"; };
		034124C724C5CE89009AC83D /* TextField + InputConfiguration.swift */ = {isa = PBXFileReference; fileEncoding = 4; lastKnownFileType = sourcecode.swift; path = "TextField + InputConfiguration.swift"; sourceTree = "<group>"; };
		034124C824C5CE8A009AC83D /* RatingView.swift */ = {isa = PBXFileReference; fileEncoding = 4; lastKnownFileType = sourcecode.swift; path = RatingView.swift; sourceTree = "<group>"; };
		034124C924C5CE8A009AC83D /* JDSegmentControl.swift */ = {isa = PBXFileReference; fileEncoding = 4; lastKnownFileType = sourcecode.swift; path = JDSegmentControl.swift; sourceTree = "<group>"; };
		034124CA24C5CE8A009AC83D /* GoogleMapHelper.swift */ = {isa = PBXFileReference; fileEncoding = 4; lastKnownFileType = sourcecode.swift; path = GoogleMapHelper.swift; sourceTree = "<group>"; };
		034124CE24C5CE8A009AC83D /* DataType + Extesnion.swift */ = {isa = PBXFileReference; fileEncoding = 4; lastKnownFileType = sourcecode.swift; path = "DataType + Extesnion.swift"; sourceTree = "<group>"; };
		034124CF24C5CE8A009AC83D /* NSObject + Extension.swift */ = {isa = PBXFileReference; fileEncoding = 4; lastKnownFileType = sourcecode.swift; path = "NSObject + Extension.swift"; sourceTree = "<group>"; };
		034124D124C5CE8A009AC83D /* String + TypeCasting.swift */ = {isa = PBXFileReference; fileEncoding = 4; lastKnownFileType = sourcecode.swift; path = "String + TypeCasting.swift"; sourceTree = "<group>"; };
		034124D224C5CE8A009AC83D /* String + Validation.swift */ = {isa = PBXFileReference; fileEncoding = 4; lastKnownFileType = sourcecode.swift; path = "String + Validation.swift"; sourceTree = "<group>"; };
		034124D324C5CE8A009AC83D /* String+Localization.swift */ = {isa = PBXFileReference; fileEncoding = 4; lastKnownFileType = sourcecode.swift; path = "String+Localization.swift"; sourceTree = "<group>"; };
		034124D524C5CE8A009AC83D /* JDSubclasses + UIControl.swift */ = {isa = PBXFileReference; fileEncoding = 4; lastKnownFileType = sourcecode.swift; path = "JDSubclasses + UIControl.swift"; sourceTree = "<group>"; };
		034124D824C5CE8A009AC83D /* UBottomSheetCoordinatorDelegate.swift */ = {isa = PBXFileReference; fileEncoding = 4; lastKnownFileType = sourcecode.swift; path = UBottomSheetCoordinatorDelegate.swift; sourceTree = "<group>"; };
		034124D924C5CE8A009AC83D /* PassThroughView.swift */ = {isa = PBXFileReference; fileEncoding = 4; lastKnownFileType = sourcecode.swift; path = PassThroughView.swift; sourceTree = "<group>"; };
		034124DA24C5CE8A009AC83D /* UBottomSheetCoordinatorDataSource.swift */ = {isa = PBXFileReference; fileEncoding = 4; lastKnownFileType = sourcecode.swift; path = UBottomSheetCoordinatorDataSource.swift; sourceTree = "<group>"; };
		034124DB24C5CE8A009AC83D /* UBottomSheetCoordinator.swift */ = {isa = PBXFileReference; fileEncoding = 4; lastKnownFileType = sourcecode.swift; path = UBottomSheetCoordinator.swift; sourceTree = "<group>"; };
		034124DC24C5CE8A009AC83D /* Extensions.swift */ = {isa = PBXFileReference; fileEncoding = 4; lastKnownFileType = sourcecode.swift; path = Extensions.swift; sourceTree = "<group>"; };
		034124DD24C5CE8A009AC83D /* Animatable.swift */ = {isa = PBXFileReference; fileEncoding = 4; lastKnownFileType = sourcecode.swift; path = Animatable.swift; sourceTree = "<group>"; };
		034124DE24C5CE8A009AC83D /* Draggable.swift */ = {isa = PBXFileReference; fileEncoding = 4; lastKnownFileType = sourcecode.swift; path = Draggable.swift; sourceTree = "<group>"; };
		034124DF24C5CE8A009AC83D /* DefaultSheetAnimator.swift */ = {isa = PBXFileReference; fileEncoding = 4; lastKnownFileType = sourcecode.swift; path = DefaultSheetAnimator.swift; sourceTree = "<group>"; };
		034124E024C5CE8A009AC83D /* JDDeviceHelper.swift */ = {isa = PBXFileReference; fileEncoding = 4; lastKnownFileType = sourcecode.swift; path = JDDeviceHelper.swift; sourceTree = "<group>"; };
		034124E224C5CE8A009AC83D /* UIView + Extension.swift */ = {isa = PBXFileReference; fileEncoding = 4; lastKnownFileType = sourcecode.swift; path = "UIView + Extension.swift"; sourceTree = "<group>"; };
		034124E324C5CE8A009AC83D /* UIViewController + Extension.swift */ = {isa = PBXFileReference; fileEncoding = 4; lastKnownFileType = sourcecode.swift; path = "UIViewController + Extension.swift"; sourceTree = "<group>"; };
		034124E424C5CE8A009AC83D /* UITextField + Extension.swift */ = {isa = PBXFileReference; fileEncoding = 4; lastKnownFileType = sourcecode.swift; path = "UITextField + Extension.swift"; sourceTree = "<group>"; };
		034124E524C5CE8A009AC83D /* JDImageExtension.swift */ = {isa = PBXFileReference; fileEncoding = 4; lastKnownFileType = sourcecode.swift; path = JDImageExtension.swift; sourceTree = "<group>"; };
		034124E624C5CE8A009AC83D /* LocationHelper.swift */ = {isa = PBXFileReference; fileEncoding = 4; lastKnownFileType = sourcecode.swift; path = LocationHelper.swift; sourceTree = "<group>"; };
		0342136F24C6B3C500ABB285 /* LaunchVC.xib */ = {isa = PBXFileReference; fileEncoding = 4; lastKnownFileType = file.xib; path = LaunchVC.xib; sourceTree = "<group>"; };
		0342137024C6B3C500ABB285 /* LaunchVC.swift */ = {isa = PBXFileReference; fileEncoding = 4; lastKnownFileType = sourcecode.swift; path = LaunchVC.swift; sourceTree = "<group>"; };
		0345189324C7F6DF00AF7026 /* FilterTblCell.swift */ = {isa = PBXFileReference; fileEncoding = 4; lastKnownFileType = sourcecode.swift; path = FilterTblCell.swift; sourceTree = "<group>"; };
		0345189424C7F6DF00AF7026 /* FilterTblCell.xib */ = {isa = PBXFileReference; fileEncoding = 4; lastKnownFileType = file.xib; path = FilterTblCell.xib; sourceTree = "<group>"; };
		0345189824C8106A00AF7026 /* CustomAlertConfirmation.xib */ = {isa = PBXFileReference; fileEncoding = 4; lastKnownFileType = file.xib; path = CustomAlertConfirmation.xib; sourceTree = "<group>"; };
		0345189924C8106A00AF7026 /* CustomAlertConfirmation.swift */ = {isa = PBXFileReference; fileEncoding = 4; lastKnownFileType = sourcecode.swift; path = CustomAlertConfirmation.swift; sourceTree = "<group>"; };
		0345189B24C8106A00AF7026 /* CustomAlert.xib */ = {isa = PBXFileReference; fileEncoding = 4; lastKnownFileType = file.xib; path = CustomAlert.xib; sourceTree = "<group>"; };
		0345189C24C8106A00AF7026 /* CustomAlert.swift */ = {isa = PBXFileReference; fileEncoding = 4; lastKnownFileType = sourcecode.swift; path = CustomAlert.swift; sourceTree = "<group>"; };
		0345189E24C8106A00AF7026 /* CustomTextViewDialog.swift */ = {isa = PBXFileReference; fileEncoding = 4; lastKnownFileType = sourcecode.swift; path = CustomTextViewDialog.swift; sourceTree = "<group>"; };
		0345189F24C8106A00AF7026 /* CustomTextViewDialog.xib */ = {isa = PBXFileReference; fileEncoding = 4; lastKnownFileType = file.xib; path = CustomTextViewDialog.xib; sourceTree = "<group>"; };
		034518A324C8106A00AF7026 /* CustomCountryPhoneCodePickerCell.swift */ = {isa = PBXFileReference; fileEncoding = 4; lastKnownFileType = sourcecode.swift; path = CustomCountryPhoneCodePickerCell.swift; sourceTree = "<group>"; };
		034518A424C8106A00AF7026 /* CustomCountryPhoneCodePickerCell.xib */ = {isa = PBXFileReference; fileEncoding = 4; lastKnownFileType = file.xib; path = CustomCountryPhoneCodePickerCell.xib; sourceTree = "<group>"; };
		034518A524C8106A00AF7026 /* country_list.json */ = {isa = PBXFileReference; fileEncoding = 4; lastKnownFileType = text.json; path = country_list.json; sourceTree = "<group>"; };
		034518A624C8106A00AF7026 /* CustomCountryPhoneCodePicker.swift */ = {isa = PBXFileReference; fileEncoding = 4; lastKnownFileType = sourcecode.swift; path = CustomCountryPhoneCodePicker.swift; sourceTree = "<group>"; };
		034518A724C8106A00AF7026 /* CustomCountryPhoneCodePicker.xib */ = {isa = PBXFileReference; fileEncoding = 4; lastKnownFileType = file.xib; path = CustomCountryPhoneCodePicker.xib; sourceTree = "<group>"; };
		034518A924C8106A00AF7026 /* CustomMobileNumberDialog.xib */ = {isa = PBXFileReference; fileEncoding = 4; lastKnownFileType = file.xib; path = CustomMobileNumberDialog.xib; sourceTree = "<group>"; };
		034518AA24C8106A00AF7026 /* CustomMobileNumberDialog.swift */ = {isa = PBXFileReference; fileEncoding = 4; lastKnownFileType = sourcecode.swift; path = CustomMobileNumberDialog.swift; sourceTree = "<group>"; };
		034518AC24C8106A00AF7026 /* CustomTextFieldDialog.xib */ = {isa = PBXFileReference; fileEncoding = 4; lastKnownFileType = file.xib; path = CustomTextFieldDialog.xib; sourceTree = "<group>"; };
		034518AD24C8106A00AF7026 /* CustomTextFieldDialog.swift */ = {isa = PBXFileReference; fileEncoding = 4; lastKnownFileType = sourcecode.swift; path = CustomTextFieldDialog.swift; sourceTree = "<group>"; };
		034518AF24C8106A00AF7026 /* TextViewDialog.xib */ = {isa = PBXFileReference; fileEncoding = 4; lastKnownFileType = file.xib; path = TextViewDialog.xib; sourceTree = "<group>"; };
		034518B024C8106A00AF7026 /* TextViewDialog.swift */ = {isa = PBXFileReference; fileEncoding = 4; lastKnownFileType = sourcecode.swift; path = TextViewDialog.swift; sourceTree = "<group>"; };
		034518C324C810E500AF7026 /* FingerPrintDialog.xib */ = {isa = PBXFileReference; fileEncoding = 4; lastKnownFileType = file.xib; path = FingerPrintDialog.xib; sourceTree = "<group>"; };
		034518C424C810E500AF7026 /* FingerPrintDialog.swift */ = {isa = PBXFileReference; fileEncoding = 4; lastKnownFileType = sourcecode.swift; path = FingerPrintDialog.swift; sourceTree = "<group>"; };
		034518C924C8221200AF7026 /* BookingDetailVC.xib */ = {isa = PBXFileReference; fileEncoding = 4; lastKnownFileType = file.xib; path = BookingDetailVC.xib; sourceTree = "<group>"; };
		034518CB24C8221200AF7026 /* BookingDetailTblCell.xib */ = {isa = PBXFileReference; fileEncoding = 4; lastKnownFileType = file.xib; path = BookingDetailTblCell.xib; sourceTree = "<group>"; };
		034518CC24C8221200AF7026 /* BookingDetailTblCell.swift */ = {isa = PBXFileReference; fileEncoding = 4; lastKnownFileType = sourcecode.swift; path = BookingDetailTblCell.swift; sourceTree = "<group>"; };
		034518CD24C8221200AF7026 /* BookingDetailVC.swift */ = {isa = PBXFileReference; fileEncoding = 4; lastKnownFileType = sourcecode.swift; path = BookingDetailVC.swift; sourceTree = "<group>"; };
		034518D524C84DC700AF7026 /* MapLocationVC.xib */ = {isa = PBXFileReference; fileEncoding = 4; lastKnownFileType = file.xib; path = MapLocationVC.xib; sourceTree = "<group>"; };
		034518D724C84DC700AF7026 /* AutocompleteLocationCell.xib */ = {isa = PBXFileReference; fileEncoding = 4; lastKnownFileType = file.xib; path = AutocompleteLocationCell.xib; sourceTree = "<group>"; };
		034518D824C84DC700AF7026 /* AutocompleteLocationCell.swift */ = {isa = PBXFileReference; fileEncoding = 4; lastKnownFileType = sourcecode.swift; path = AutocompleteLocationCell.swift; sourceTree = "<group>"; };
		034518D924C84DC700AF7026 /* MapLocationVC.swift */ = {isa = PBXFileReference; fileEncoding = 4; lastKnownFileType = sourcecode.swift; path = MapLocationVC.swift; sourceTree = "<group>"; };
		034518DC24C84DC700AF7026 /* GallaryVC.swift */ = {isa = PBXFileReference; fileEncoding = 4; lastKnownFileType = sourcecode.swift; path = GallaryVC.swift; sourceTree = "<group>"; };
		034518DE24C84DC700AF7026 /* PhotoCell.swift */ = {isa = PBXFileReference; fileEncoding = 4; lastKnownFileType = sourcecode.swift; path = PhotoCell.swift; sourceTree = "<group>"; };
		034518DF24C84DC700AF7026 /* PhotoCell.xib */ = {isa = PBXFileReference; fileEncoding = 4; lastKnownFileType = file.xib; path = PhotoCell.xib; sourceTree = "<group>"; };
		034518E024C84DC700AF7026 /* GallaryVC.xib */ = {isa = PBXFileReference; fileEncoding = 4; lastKnownFileType = file.xib; path = GallaryVC.xib; sourceTree = "<group>"; };
		034518E324C84DC700AF7026 /* UIImageCropperVC.xib */ = {isa = PBXFileReference; fileEncoding = 4; lastKnownFileType = file.xib; path = UIImageCropperVC.xib; sourceTree = "<group>"; };
		034518E424C84DC700AF7026 /* UIImageCropperVC.swift */ = {isa = PBXFileReference; fileEncoding = 4; lastKnownFileType = sourcecode.swift; path = UIImageCropperVC.swift; sourceTree = "<group>"; };
		034518E524C84DC700AF7026 /* UIImage+FixOrientation.swift */ = {isa = PBXFileReference; fileEncoding = 4; lastKnownFileType = sourcecode.swift; path = "UIImage+FixOrientation.swift"; sourceTree = "<group>"; };
		034518E724C84DC700AF7026 /* CustomPhotoPicker.swift */ = {isa = PBXFileReference; fileEncoding = 4; lastKnownFileType = sourcecode.swift; path = CustomPhotoPicker.swift; sourceTree = "<group>"; };
		034518E824C84DC700AF7026 /* CustomPhotoPicker.xib */ = {isa = PBXFileReference; fileEncoding = 4; lastKnownFileType = file.xib; path = CustomPhotoPicker.xib; sourceTree = "<group>"; };
		034518EB24C84DC700AF7026 /* CameraVC.xib */ = {isa = PBXFileReference; fileEncoding = 4; lastKnownFileType = file.xib; path = CameraVC.xib; sourceTree = "<group>"; };
		034518ED24C84DC700AF7026 /* CameraController.swift */ = {isa = PBXFileReference; fileEncoding = 4; lastKnownFileType = sourcecode.swift; path = CameraController.swift; sourceTree = "<group>"; };
		034518EE24C84DC700AF7026 /* CameraVC.swift */ = {isa = PBXFileReference; fileEncoding = 4; lastKnownFileType = sourcecode.swift; path = CameraVC.swift; sourceTree = "<group>"; };
		0345190124C84FE700AF7026 /* MapBookVC.xib */ = {isa = PBXFileReference; fileEncoding = 4; lastKnownFileType = file.xib; path = MapBookVC.xib; sourceTree = "<group>"; };
		0345190224C84FE700AF7026 /* MapBook + MapView.swift */ = {isa = PBXFileReference; fileEncoding = 4; lastKnownFileType = sourcecode.swift; path = "MapBook + MapView.swift"; sourceTree = "<group>"; };
		0345190324C84FE700AF7026 /* MapBookVC.swift */ = {isa = PBXFileReference; fileEncoding = 4; lastKnownFileType = sourcecode.swift; path = MapBookVC.swift; sourceTree = "<group>"; };
		0345190824C85EBE00AF7026 /* styleable_map.json */ = {isa = PBXFileReference; fileEncoding = 4; lastKnownFileType = text.json; path = styleable_map.json; sourceTree = "<group>"; };
		0345190B24C85FCF00AF7026 /* ScanQRDialog.xib */ = {isa = PBXFileReference; fileEncoding = 4; lastKnownFileType = file.xib; path = ScanQRDialog.xib; sourceTree = "<group>"; };
		0345190C24C85FD000AF7026 /* ScanQRDialog.swift */ = {isa = PBXFileReference; fileEncoding = 4; lastKnownFileType = sourcecode.swift; path = ScanQRDialog.swift; sourceTree = "<group>"; };
		0345190F24C86DF300AF7026 /* DashedCircleView.swift */ = {isa = PBXFileReference; lastKnownFileType = sourcecode.swift; name = DashedCircleView.swift; path = "Therapist TerraHeal/Others/DashedCircleView.swift"; sourceTree = SOURCE_ROOT; };
		0345191324C8711D00AF7026 /* ServiceStatusVC.xib */ = {isa = PBXFileReference; fileEncoding = 4; lastKnownFileType = file.xib; path = ServiceStatusVC.xib; sourceTree = "<group>"; };
		0345191424C8711D00AF7026 /* ServiceStatusVC.swift */ = {isa = PBXFileReference; fileEncoding = 4; lastKnownFileType = sourcecode.swift; path = ServiceStatusVC.swift; sourceTree = "<group>"; };
		038AF10C24C5E1DE00DDDDDA /* LoginVC.xib */ = {isa = PBXFileReference; fileEncoding = 4; lastKnownFileType = file.xib; path = LoginVC.xib; sourceTree = "<group>"; };
		038AF10D24C5E1DE00DDDDDA /* LoginVC.swift */ = {isa = PBXFileReference; fileEncoding = 4; lastKnownFileType = sourcecode.swift; path = LoginVC.swift; sourceTree = "<group>"; };
		038AF13D24C5E47200DDDDDA /* HomeVC.xib */ = {isa = PBXFileReference; fileEncoding = 4; lastKnownFileType = file.xib; path = HomeVC.xib; sourceTree = "<group>"; };
		038AF13E24C5E47200DDDDDA /* HomeVC.swift */ = {isa = PBXFileReference; fileEncoding = 4; lastKnownFileType = sourcecode.swift; path = HomeVC.swift; sourceTree = "<group>"; };
		038AF14024C5E47200DDDDDA /* MyBookingTblCell.swift */ = {isa = PBXFileReference; fileEncoding = 4; lastKnownFileType = sourcecode.swift; path = MyBookingTblCell.swift; sourceTree = "<group>"; };
		038AF14124C5E47200DDDDDA /* MyBookingTblCell.xib */ = {isa = PBXFileReference; fileEncoding = 4; lastKnownFileType = file.xib; path = MyBookingTblCell.xib; sourceTree = "<group>"; };
		2D64E9E11E70D1B77E4F4BA9 /* Pods-Therapist TerraHeal.debug.xcconfig */ = {isa = PBXFileReference; includeInIndex = 1; lastKnownFileType = text.xcconfig; name = "Pods-Therapist TerraHeal.debug.xcconfig"; path = "Target Support Files/Pods-Therapist TerraHeal/Pods-Therapist TerraHeal.debug.xcconfig"; sourceTree = "<group>"; };
		52F577F1D54D46E3263D2738 /* Pods-Therapist TerraHeal.release.xcconfig */ = {isa = PBXFileReference; includeInIndex = 1; lastKnownFileType = text.xcconfig; name = "Pods-Therapist TerraHeal.release.xcconfig"; path = "Target Support Files/Pods-Therapist TerraHeal/Pods-Therapist TerraHeal.release.xcconfig"; sourceTree = "<group>"; };
		63415E2F246FB5C600F0D7A0 /* Nunito-Light.ttf */ = {isa = PBXFileReference; lastKnownFileType = file; path = "Nunito-Light.ttf"; sourceTree = "<group>"; };
		63415E30246FB5C600F0D7A0 /* Nunito-Regular.ttf */ = {isa = PBXFileReference; lastKnownFileType = file; path = "Nunito-Regular.ttf"; sourceTree = "<group>"; };
		63415E31246FB5C600F0D7A0 /* Nunito-SemiBold.ttf */ = {isa = PBXFileReference; lastKnownFileType = file; path = "Nunito-SemiBold.ttf"; sourceTree = "<group>"; };
		63415E32246FB5C600F0D7A0 /* Nunito-Bold.ttf */ = {isa = PBXFileReference; lastKnownFileType = file; path = "Nunito-Bold.ttf"; sourceTree = "<group>"; };
		636DDB9124750D140014C7DC /* MobileCoreServices.framework */ = {isa = PBXFileReference; lastKnownFileType = wrapper.framework; name = MobileCoreServices.framework; path = System/Library/Frameworks/MobileCoreServices.framework; sourceTree = SDKROOT; };
		63ABC0B2246D64B500360F07 /* Therapist TerraHeal.app */ = {isa = PBXFileReference; explicitFileType = wrapper.application; includeInIndex = 0; path = "Therapist TerraHeal.app"; sourceTree = BUILT_PRODUCTS_DIR; };
		63ABC0C3246D64B700360F07 /* Info.plist */ = {isa = PBXFileReference; lastKnownFileType = text.plist.xml; path = Info.plist; sourceTree = "<group>"; };
		63ABC0C9246D650A00360F07 /* Therapist TerraHeal-Bridging-Header.h */ = {isa = PBXFileReference; lastKnownFileType = sourcecode.c.h; path = "Therapist TerraHeal-Bridging-Header.h"; sourceTree = "<group>"; };
		63ABC0EB246D650B00360F07 /* SceneDelegate.swift */ = {isa = PBXFileReference; fileEncoding = 4; lastKnownFileType = sourcecode.swift; path = SceneDelegate.swift; sourceTree = "<group>"; };
		63ABC0EC246D650B00360F07 /* AppDelegate.swift */ = {isa = PBXFileReference; fileEncoding = 4; lastKnownFileType = sourcecode.swift; path = AppDelegate.swift; sourceTree = "<group>"; };
		63ABC101246D650B00360F07 /* UploadDocumentDialog.xib */ = {isa = PBXFileReference; fileEncoding = 4; lastKnownFileType = file.xib; path = UploadDocumentDialog.xib; sourceTree = "<group>"; };
		63ABC102246D650B00360F07 /* UploadDocumentDialog.swift */ = {isa = PBXFileReference; fileEncoding = 4; lastKnownFileType = sourcecode.swift; path = UploadDocumentDialog.swift; sourceTree = "<group>"; };
		63ABC104246D650B00360F07 /* DocumentTblCell.swift */ = {isa = PBXFileReference; fileEncoding = 4; lastKnownFileType = sourcecode.swift; path = DocumentTblCell.swift; sourceTree = "<group>"; };
		63ABC105246D650B00360F07 /* DocumentTblCell.xib */ = {isa = PBXFileReference; fileEncoding = 4; lastKnownFileType = file.xib; path = DocumentTblCell.xib; sourceTree = "<group>"; };
		63ABC17E246D650D00360F07 /* CommonColor.xcassets */ = {isa = PBXFileReference; lastKnownFileType = folder.assetcatalog; path = CommonColor.xcassets; sourceTree = "<group>"; };
		63ABC17F246D650D00360F07 /* Assets.xcassets */ = {isa = PBXFileReference; lastKnownFileType = folder.assetcatalog; path = Assets.xcassets; sourceTree = "<group>"; };
		63ABC180246D650D00360F07 /* TherapistImages.xcassets */ = {isa = PBXFileReference; lastKnownFileType = folder.assetcatalog; path = TherapistImages.xcassets; sourceTree = "<group>"; };
		63ABC1FA246D66B800360F07 /* LocalAuthentication.framework */ = {isa = PBXFileReference; lastKnownFileType = wrapper.framework; name = LocalAuthentication.framework; path = System/Library/Frameworks/LocalAuthentication.framework; sourceTree = SDKROOT; };
		EA8A6F056877617A8E08DADC /* Pods_Therapist_TerraHeal.framework */ = {isa = PBXFileReference; explicitFileType = wrapper.framework; includeInIndex = 0; path = Pods_Therapist_TerraHeal.framework; sourceTree = BUILT_PRODUCTS_DIR; };
/* End PBXFileReference section */

/* Begin PBXFrameworksBuildPhase section */
		63ABC0AF246D64B500360F07 /* Frameworks */ = {
			isa = PBXFrameworksBuildPhase;
			buildActionMask = 2147483647;
			files = (
				636DDB9224750D140014C7DC /* MobileCoreServices.framework in Frameworks */,
				63ABC1FB246D66B800360F07 /* LocalAuthentication.framework in Frameworks */,
				995CBCAE73040B4398225571 /* Pods_Therapist_TerraHeal.framework in Frameworks */,
			);
			runOnlyForDeploymentPostprocessing = 0;
		};
/* End PBXFrameworksBuildPhase section */

/* Begin PBXGroup section */
		0341248324C5CE0B009AC83D /* AppBaseClass */ = {
			isa = PBXGroup;
			children = (
				0341248424C5CE0B009AC83D /* Constant.swift */,
				0341248524C5CE0B009AC83D /* APP+NAVIGATION.swift */,
				0341248624C5CE0B009AC83D /* Common.swift */,
				0341248724C5CE0B009AC83D /* ImageAssets.swift */,
				0341248824C5CE0B009AC83D /* Localizable.strings */,
				0341248924C5CE0B009AC83D /* PreferenceHelper.swift */,
				0341248A24C5CE0B009AC83D /* WebService */,
				0341249B24C5CE0B009AC83D /* AppTheme.swift */,
				0341249C24C5CE0B009AC83D /* BaseSubClasses */,
				034124A424C5CE0B009AC83D /* FontHelper.swift */,
			);
			path = AppBaseClass;
			sourceTree = "<group>";
		};
		0341248A24C5CE0B009AC83D /* WebService */ = {
			isa = PBXGroup;
			children = (
				0341248B24C5CE0B009AC83D /* AFNHelper */,
				0341248F24C5CE0B009AC83D /* ResponseModel.swift */,
				0341249224C5CE0B009AC83D /* UserWebService.swift */,
				0341249424C5CE0B009AC83D /* CityWebService.swift */,
				0341249524C5CE0B009AC83D /* Singleton.swift */,
				0341249624C5CE0B009AC83D /* CountriesWebService.swift */,
				0341249824C5CE0B009AC83D /* SettingPreferenceWebservice.swift */,
				0341249A24C5CE0B009AC83D /* AddressWebService.swift */,
			);
			path = WebService;
			sourceTree = "<group>";
		};
		0341248B24C5CE0B009AC83D /* AFNHelper */ = {
			isa = PBXGroup;
			children = (
				0341248C24C5CE0B009AC83D /* AlamofireHelper.swift */,
				0341248D24C5CE0B009AC83D /* AppWebApi.swift */,
				0341248E24C5CE0B009AC83D /* Reachability.swift */,
			);
			path = AFNHelper;
			sourceTree = "<group>";
		};
		0341249C24C5CE0B009AC83D /* BaseSubClasses */ = {
			isa = PBXGroup;
			children = (
				0341249D24C5CE0B009AC83D /* ThemeLabel.swift */,
				0341249E24C5CE0B009AC83D /* ThemeTextField.swift */,
				0341249F24C5CE0B009AC83D /* PinterestLayout.swift */,
				034124A024C5CE0B009AC83D /* ThemeView.swift */,
				034124A124C5CE0B009AC83D /* ThemeButton.swift */,
				034124A224C5CE0B009AC83D /* ThemeBottomDialog.swift */,
				034124A324C5CE0B009AC83D /* Main.swift */,
			);
			path = BaseSubClasses;
			sourceTree = "<group>";
		};
		034124C424C5CE89009AC83D /* TextField */ = {
			isa = PBXGroup;
			children = (
				034124C524C5CE89009AC83D /* EditProfileTextfield.swift */,
				034124C624C5CE89009AC83D /* ACFloatingTextfield.swift */,
				034124C724C5CE89009AC83D /* TextField + InputConfiguration.swift */,
			);
			path = TextField;
			sourceTree = "<group>";
		};
		034124CB24C5CE8A009AC83D /* Frameworks */ = {
			isa = PBXGroup;
			children = (
				034124CC24C5CE8A009AC83D /* JDFramework */,
			);
			path = Frameworks;
			sourceTree = "<group>";
		};
		034124CC24C5CE8A009AC83D /* JDFramework */ = {
			isa = PBXGroup;
			children = (
				034124CD24C5CE8A009AC83D /* Othert + Extension */,
				034124D024C5CE8A009AC83D /* String + Extension */,
				034124D424C5CE8A009AC83D /* JDSubClasses */,
				034124D624C5CE8A009AC83D /* UBottomSheet */,
				034124E024C5CE8A009AC83D /* JDDeviceHelper.swift */,
				034124E124C5CE8A009AC83D /* UControl + Extension */,
				034124E524C5CE8A009AC83D /* JDImageExtension.swift */,
			);
			path = JDFramework;
			sourceTree = "<group>";
		};
		034124CD24C5CE8A009AC83D /* Othert + Extension */ = {
			isa = PBXGroup;
			children = (
				034124CE24C5CE8A009AC83D /* DataType + Extesnion.swift */,
				034124CF24C5CE8A009AC83D /* NSObject + Extension.swift */,
			);
			path = "Othert + Extension";
			sourceTree = "<group>";
		};
		034124D024C5CE8A009AC83D /* String + Extension */ = {
			isa = PBXGroup;
			children = (
				034124D124C5CE8A009AC83D /* String + TypeCasting.swift */,
				034124D224C5CE8A009AC83D /* String + Validation.swift */,
				034124D324C5CE8A009AC83D /* String+Localization.swift */,
			);
			path = "String + Extension";
			sourceTree = "<group>";
		};
		034124D424C5CE8A009AC83D /* JDSubClasses */ = {
			isa = PBXGroup;
			children = (
				034124D524C5CE8A009AC83D /* JDSubclasses + UIControl.swift */,
			);
			path = JDSubClasses;
			sourceTree = "<group>";
		};
		034124D624C5CE8A009AC83D /* UBottomSheet */ = {
			isa = PBXGroup;
			children = (
				034124D724C5CE8A009AC83D /* Classes */,
			);
			path = UBottomSheet;
			sourceTree = "<group>";
		};
		034124D724C5CE8A009AC83D /* Classes */ = {
			isa = PBXGroup;
			children = (
				034124D824C5CE8A009AC83D /* UBottomSheetCoordinatorDelegate.swift */,
				034124D924C5CE8A009AC83D /* PassThroughView.swift */,
				034124DA24C5CE8A009AC83D /* UBottomSheetCoordinatorDataSource.swift */,
				034124DB24C5CE8A009AC83D /* UBottomSheetCoordinator.swift */,
				034124DC24C5CE8A009AC83D /* Extensions.swift */,
				034124DD24C5CE8A009AC83D /* Animatable.swift */,
				034124DE24C5CE8A009AC83D /* Draggable.swift */,
				034124DF24C5CE8A009AC83D /* DefaultSheetAnimator.swift */,
			);
			path = Classes;
			sourceTree = "<group>";
		};
		034124E124C5CE8A009AC83D /* UControl + Extension */ = {
			isa = PBXGroup;
			children = (
				034124E224C5CE8A009AC83D /* UIView + Extension.swift */,
				034124E324C5CE8A009AC83D /* UIViewController + Extension.swift */,
				034124E424C5CE8A009AC83D /* UITextField + Extension.swift */,
			);
			path = "UControl + Extension";
			sourceTree = "<group>";
		};
		0342136E24C6B3C500ABB285 /* LaunchVC */ = {
			isa = PBXGroup;
			children = (
				0342136F24C6B3C500ABB285 /* LaunchVC.xib */,
				0342137024C6B3C500ABB285 /* LaunchVC.swift */,
			);
			path = LaunchVC;
			sourceTree = "<group>";
		};
		0345189224C7F6DF00AF7026 /* FilterCell */ = {
			isa = PBXGroup;
			children = (
				0345189324C7F6DF00AF7026 /* FilterTblCell.swift */,
				0345189424C7F6DF00AF7026 /* FilterTblCell.xib */,
			);
			path = FilterCell;
			sourceTree = "<group>";
		};
		0345189724C8106A00AF7026 /* AlertConfirmationDialog */ = {
			isa = PBXGroup;
			children = (
				0345189824C8106A00AF7026 /* CustomAlertConfirmation.xib */,
				0345189924C8106A00AF7026 /* CustomAlertConfirmation.swift */,
			);
			path = AlertConfirmationDialog;
			sourceTree = "<group>";
		};
		0345189A24C8106A00AF7026 /* AlertDialog */ = {
			isa = PBXGroup;
			children = (
				0345189B24C8106A00AF7026 /* CustomAlert.xib */,
				0345189C24C8106A00AF7026 /* CustomAlert.swift */,
			);
			path = AlertDialog;
			sourceTree = "<group>";
		};
		0345189D24C8106A00AF7026 /* CustomTextViewDialog */ = {
			isa = PBXGroup;
			children = (
				0345189E24C8106A00AF7026 /* CustomTextViewDialog.swift */,
				0345189F24C8106A00AF7026 /* CustomTextViewDialog.xib */,
			);
			path = CustomTextViewDialog;
			sourceTree = "<group>";
		};
		034518A024C8106A00AF7026 /* PhoneNumberDialogs */ = {
			isa = PBXGroup;
			children = (
				034518A124C8106A00AF7026 /* CustomCountryPhoneCodePicker */,
				034518A824C8106A00AF7026 /* CustomMobileNumberDialog */,
			);
			path = PhoneNumberDialogs;
			sourceTree = "<group>";
		};
		034518A124C8106A00AF7026 /* CustomCountryPhoneCodePicker */ = {
			isa = PBXGroup;
			children = (
				034518A224C8106A00AF7026 /* CustomCountryPickerCell */,
				034518A524C8106A00AF7026 /* country_list.json */,
				034518A624C8106A00AF7026 /* CustomCountryPhoneCodePicker.swift */,
				034518A724C8106A00AF7026 /* CustomCountryPhoneCodePicker.xib */,
			);
			path = CustomCountryPhoneCodePicker;
			sourceTree = "<group>";
		};
		034518A224C8106A00AF7026 /* CustomCountryPickerCell */ = {
			isa = PBXGroup;
			children = (
				034518A324C8106A00AF7026 /* CustomCountryPhoneCodePickerCell.swift */,
				034518A424C8106A00AF7026 /* CustomCountryPhoneCodePickerCell.xib */,
			);
			path = CustomCountryPickerCell;
			sourceTree = "<group>";
		};
		034518A824C8106A00AF7026 /* CustomMobileNumberDialog */ = {
			isa = PBXGroup;
			children = (
				034518A924C8106A00AF7026 /* CustomMobileNumberDialog.xib */,
				034518AA24C8106A00AF7026 /* CustomMobileNumberDialog.swift */,
			);
			path = CustomMobileNumberDialog;
			sourceTree = "<group>";
		};
		034518AB24C8106A00AF7026 /* CustomTextFieldDialog */ = {
			isa = PBXGroup;
			children = (
				034518AC24C8106A00AF7026 /* CustomTextFieldDialog.xib */,
				034518AD24C8106A00AF7026 /* CustomTextFieldDialog.swift */,
			);
			path = CustomTextFieldDialog;
			sourceTree = "<group>";
		};
		034518AE24C8106A00AF7026 /* TextViewDialog */ = {
			isa = PBXGroup;
			children = (
				034518AF24C8106A00AF7026 /* TextViewDialog.xib */,
				034518B024C8106A00AF7026 /* TextViewDialog.swift */,
			);
			path = TextViewDialog;
			sourceTree = "<group>";
		};
		034518C224C810E500AF7026 /* FingerPrintDialog */ = {
			isa = PBXGroup;
			children = (
				034518C324C810E500AF7026 /* FingerPrintDialog.xib */,
				034518C424C810E500AF7026 /* FingerPrintDialog.swift */,
			);
			path = FingerPrintDialog;
			sourceTree = "<group>";
		};
		034518C724C8221100AF7026 /* BookingDetailVC */ = {
			isa = PBXGroup;
			children = (
				034518C824C8221200AF7026 /* xib */,
				034518CA24C8221200AF7026 /* BookingDetailCell */,
				034518CD24C8221200AF7026 /* BookingDetailVC.swift */,
			);
			path = BookingDetailVC;
			sourceTree = "<group>";
		};
		034518C824C8221200AF7026 /* xib */ = {
			isa = PBXGroup;
			children = (
				034518C924C8221200AF7026 /* BookingDetailVC.xib */,
			);
			path = xib;
			sourceTree = "<group>";
		};
		034518CA24C8221200AF7026 /* BookingDetailCell */ = {
			isa = PBXGroup;
			children = (
				034518CB24C8221200AF7026 /* BookingDetailTblCell.xib */,
				034518CC24C8221200AF7026 /* BookingDetailTblCell.swift */,
			);
			path = BookingDetailCell;
			sourceTree = "<group>";
		};
		034518D224C84DC700AF7026 /* HelperVC */ = {
			isa = PBXGroup;
			children = (
				034518D324C84DC700AF7026 /* MapLocationVC */,
				034518DA24C84DC700AF7026 /* ImagePickerVC */,
			);
			path = HelperVC;
			sourceTree = "<group>";
		};
		034518D324C84DC700AF7026 /* MapLocationVC */ = {
			isa = PBXGroup;
			children = (
				034518D424C84DC700AF7026 /* xib */,
				034518D624C84DC700AF7026 /* AutocompleteLocationCell */,
				034518D924C84DC700AF7026 /* MapLocationVC.swift */,
			);
			path = MapLocationVC;
			sourceTree = "<group>";
		};
		034518D424C84DC700AF7026 /* xib */ = {
			isa = PBXGroup;
			children = (
				034518D524C84DC700AF7026 /* MapLocationVC.xib */,
			);
			path = xib;
			sourceTree = "<group>";
		};
		034518D624C84DC700AF7026 /* AutocompleteLocationCell */ = {
			isa = PBXGroup;
			children = (
				034518D724C84DC700AF7026 /* AutocompleteLocationCell.xib */,
				034518D824C84DC700AF7026 /* AutocompleteLocationCell.swift */,
			);
			path = AutocompleteLocationCell;
			sourceTree = "<group>";
		};
		034518DA24C84DC700AF7026 /* ImagePickerVC */ = {
			isa = PBXGroup;
			children = (
				034518DB24C84DC700AF7026 /* GallaryVC */,
				034518E124C84DC700AF7026 /* ImageEditorVC */,
				034518E624C84DC700AF7026 /* CustomPhotoPicker */,
				034518E924C84DC700AF7026 /* CameraVC */,
			);
			path = ImagePickerVC;
			sourceTree = "<group>";
		};
		034518DB24C84DC700AF7026 /* GallaryVC */ = {
			isa = PBXGroup;
			children = (
				034518DC24C84DC700AF7026 /* GallaryVC.swift */,
				034518DD24C84DC700AF7026 /* PhotoCell */,
				034518E024C84DC700AF7026 /* GallaryVC.xib */,
			);
			path = GallaryVC;
			sourceTree = "<group>";
		};
		034518DD24C84DC700AF7026 /* PhotoCell */ = {
			isa = PBXGroup;
			children = (
				034518DE24C84DC700AF7026 /* PhotoCell.swift */,
				034518DF24C84DC700AF7026 /* PhotoCell.xib */,
			);
			path = PhotoCell;
			sourceTree = "<group>";
		};
		034518E124C84DC700AF7026 /* ImageEditorVC */ = {
			isa = PBXGroup;
			children = (
				034518E224C84DC700AF7026 /* xib */,
				034518E424C84DC700AF7026 /* UIImageCropperVC.swift */,
				034518E524C84DC700AF7026 /* UIImage+FixOrientation.swift */,
			);
			path = ImageEditorVC;
			sourceTree = "<group>";
		};
		034518E224C84DC700AF7026 /* xib */ = {
			isa = PBXGroup;
			children = (
				034518E324C84DC700AF7026 /* UIImageCropperVC.xib */,
			);
			path = xib;
			sourceTree = "<group>";
		};
		034518E624C84DC700AF7026 /* CustomPhotoPicker */ = {
			isa = PBXGroup;
			children = (
				034518E724C84DC700AF7026 /* CustomPhotoPicker.swift */,
				034518E824C84DC700AF7026 /* CustomPhotoPicker.xib */,
			);
			path = CustomPhotoPicker;
			sourceTree = "<group>";
		};
		034518E924C84DC700AF7026 /* CameraVC */ = {
			isa = PBXGroup;
			children = (
				034518EA24C84DC700AF7026 /* xib */,
				034518EC24C84DC700AF7026 /* CameraController */,
				034518EE24C84DC700AF7026 /* CameraVC.swift */,
			);
			path = CameraVC;
			sourceTree = "<group>";
		};
		034518EA24C84DC700AF7026 /* xib */ = {
			isa = PBXGroup;
			children = (
				034518EB24C84DC700AF7026 /* CameraVC.xib */,
			);
			path = xib;
			sourceTree = "<group>";
		};
		034518EC24C84DC700AF7026 /* CameraController */ = {
			isa = PBXGroup;
			children = (
				034518ED24C84DC700AF7026 /* CameraController.swift */,
			);
			path = CameraController;
			sourceTree = "<group>";
		};
		034518FF24C84FE700AF7026 /* MapBookVC */ = {
			isa = PBXGroup;
			children = (
				0345190024C84FE700AF7026 /* xib */,
				0345190224C84FE700AF7026 /* MapBook + MapView.swift */,
				0345190324C84FE700AF7026 /* MapBookVC.swift */,
			);
			path = MapBookVC;
			sourceTree = "<group>";
		};
		0345190024C84FE700AF7026 /* xib */ = {
			isa = PBXGroup;
			children = (
				0345190124C84FE700AF7026 /* MapBookVC.xib */,
			);
			path = xib;
			sourceTree = "<group>";
		};
		0345190724C85EA200AF7026 /* Support */ = {
			isa = PBXGroup;
			children = (
				0345190824C85EBE00AF7026 /* styleable_map.json */,
				63ABC0EC246D650B00360F07 /* AppDelegate.swift */,
				63ABC0EB246D650B00360F07 /* SceneDelegate.swift */,
				63ABC0C9246D650A00360F07 /* Therapist TerraHeal-Bridging-Header.h */,
			);
			name = Support;
			sourceTree = "<group>";
		};
		0345190A24C85FCF00AF7026 /* ScanQRDialog */ = {
			isa = PBXGroup;
			children = (
				0345190B24C85FCF00AF7026 /* ScanQRDialog.xib */,
				0345190C24C85FD000AF7026 /* ScanQRDialog.swift */,
			);
			path = ScanQRDialog;
			sourceTree = "<group>";
		};
		0345191124C8711D00AF7026 /* ServiceStatusVC */ = {
			isa = PBXGroup;
			children = (
				0345191224C8711D00AF7026 /* xib */,
				0345191424C8711D00AF7026 /* ServiceStatusVC.swift */,
			);
			path = ServiceStatusVC;
			sourceTree = "<group>";
		};
		0345191224C8711D00AF7026 /* xib */ = {
			isa = PBXGroup;
			children = (
				0345191324C8711D00AF7026 /* ServiceStatusVC.xib */,
			);
			path = xib;
			sourceTree = "<group>";
		};
		038AF0E424C5E1DE00DDDDDA /* PreloginScene */ = {
			isa = PBXGroup;
			children = (
				038AF10A24C5E1DE00DDDDDA /* Login */,
			);
			path = PreloginScene;
			sourceTree = "<group>";
		};
		038AF10A24C5E1DE00DDDDDA /* Login */ = {
			isa = PBXGroup;
			children = (
				038AF10B24C5E1DE00DDDDDA /* xib */,
				038AF10D24C5E1DE00DDDDDA /* LoginVC.swift */,
			);
			path = Login;
			sourceTree = "<group>";
		};
		038AF10B24C5E1DE00DDDDDA /* xib */ = {
			isa = PBXGroup;
			children = (
				038AF10C24C5E1DE00DDDDDA /* LoginVC.xib */,
			);
			path = xib;
			sourceTree = "<group>";
		};
		038AF13B24C5E47200DDDDDA /* HomeVC */ = {
			isa = PBXGroup;
			children = (
				0345189224C7F6DF00AF7026 /* FilterCell */,
				038AF13C24C5E47200DDDDDA /* xib */,
				038AF13E24C5E47200DDDDDA /* HomeVC.swift */,
				038AF13F24C5E47200DDDDDA /* MyBookingTblCell */,
			);
			path = HomeVC;
			sourceTree = "<group>";
		};
		038AF13C24C5E47200DDDDDA /* xib */ = {
			isa = PBXGroup;
			children = (
				038AF13D24C5E47200DDDDDA /* HomeVC.xib */,
			);
			path = xib;
			sourceTree = "<group>";
		};
		038AF13F24C5E47200DDDDDA /* MyBookingTblCell */ = {
			isa = PBXGroup;
			children = (
				038AF14024C5E47200DDDDDA /* MyBookingTblCell.swift */,
				038AF14124C5E47200DDDDDA /* MyBookingTblCell.xib */,
			);
			path = MyBookingTblCell;
			sourceTree = "<group>";
		};
		63ABC0A9246D64B500360F07 = {
			isa = PBXGroup;
			children = (
				63ABC0B4246D64B500360F07 /* Therapist TerraHeal */,
				63ABC0B3246D64B500360F07 /* Products */,
				63ABC1F9246D66B700360F07 /* Frameworks */,
				EDC6A2FA8675DE9EE08259B1 /* Pods */,
			);
			sourceTree = "<group>";
		};
		63ABC0B3246D64B500360F07 /* Products */ = {
			isa = PBXGroup;
			children = (
				63ABC0B2246D64B500360F07 /* Therapist TerraHeal.app */,
			);
			name = Products;
			sourceTree = "<group>";
		};
		63ABC0B4246D64B500360F07 /* Therapist TerraHeal */ = {
			isa = PBXGroup;
			children = (
				63ABC0C3246D64B700360F07 /* Info.plist */,
				0341248324C5CE0B009AC83D /* AppBaseClass */,
				63ABC17C246D650D00360F07 /* Assets */,
				63ABC181246D650D00360F07 /* Dialogs */,
				63ABC0CA246D650B00360F07 /* Others */,
				63ABC188246D650D00360F07 /* Resources */,
				63ABC0ED246D650B00360F07 /* Source */,
				0345190724C85EA200AF7026 /* Support */,
			);
			path = "Therapist TerraHeal";
			sourceTree = "<group>";
		};
		63ABC0CA246D650B00360F07 /* Others */ = {
			isa = PBXGroup;
			children = (
				0345190F24C86DF300AF7026 /* DashedCircleView.swift */,
				034124CB24C5CE8A009AC83D /* Frameworks */,
				034124CA24C5CE8A009AC83D /* GoogleMapHelper.swift */,
				034124C924C5CE8A009AC83D /* JDSegmentControl.swift */,
				034124C324C5CE89009AC83D /* Loader.swift */,
				034124E624C5CE8A009AC83D /* LocationHelper.swift */,
				034124C824C5CE8A009AC83D /* RatingView.swift */,
				034124C424C5CE89009AC83D /* TextField */,
			);
			path = Others;
			sourceTree = "<group>";
		};
		63ABC0ED246D650B00360F07 /* Source */ = {
			isa = PBXGroup;
			children = (
				0345191124C8711D00AF7026 /* ServiceStatusVC */,
				034518FF24C84FE700AF7026 /* MapBookVC */,
				034518D224C84DC700AF7026 /* HelperVC */,
				034518C724C8221100AF7026 /* BookingDetailVC */,
				0342136E24C6B3C500ABB285 /* LaunchVC */,
				038AF13B24C5E47200DDDDDA /* HomeVC */,
				038AF0E424C5E1DE00DDDDDA /* PreloginScene */,
				63ABC100246D650B00360F07 /* UploadDocumentDialog */,
			);
			path = Source;
			sourceTree = "<group>";
		};
		63ABC100246D650B00360F07 /* UploadDocumentDialog */ = {
			isa = PBXGroup;
			children = (
				63ABC101246D650B00360F07 /* UploadDocumentDialog.xib */,
				63ABC102246D650B00360F07 /* UploadDocumentDialog.swift */,
				63ABC103246D650B00360F07 /* DocumentCell */,
			);
			path = UploadDocumentDialog;
			sourceTree = "<group>";
		};
		63ABC103246D650B00360F07 /* DocumentCell */ = {
			isa = PBXGroup;
			children = (
				63ABC104246D650B00360F07 /* DocumentTblCell.swift */,
				63ABC105246D650B00360F07 /* DocumentTblCell.xib */,
			);
			path = DocumentCell;
			sourceTree = "<group>";
		};
		63ABC17C246D650D00360F07 /* Assets */ = {
			isa = PBXGroup;
			children = (
				63ABC17E246D650D00360F07 /* CommonColor.xcassets */,
				63ABC17F246D650D00360F07 /* Assets.xcassets */,
				63ABC180246D650D00360F07 /* TherapistImages.xcassets */,
			);
			path = Assets;
			sourceTree = "<group>";
		};
		63ABC181246D650D00360F07 /* Dialogs */ = {
			isa = PBXGroup;
			children = (
				0345190A24C85FCF00AF7026 /* ScanQRDialog */,
				034518C224C810E500AF7026 /* FingerPrintDialog */,
				0345189724C8106A00AF7026 /* AlertConfirmationDialog */,
				0345189A24C8106A00AF7026 /* AlertDialog */,
				034518AB24C8106A00AF7026 /* CustomTextFieldDialog */,
				0345189D24C8106A00AF7026 /* CustomTextViewDialog */,
				034518A024C8106A00AF7026 /* PhoneNumberDialogs */,
				034518AE24C8106A00AF7026 /* TextViewDialog */,
			);
			path = Dialogs;
			sourceTree = "<group>";
		};
		63ABC188246D650D00360F07 /* Resources */ = {
			isa = PBXGroup;
			children = (
				63ABC189246D650D00360F07 /* Font */,
				63ABC18C246D650D00360F07 /* Sound */,
			);
			path = Resources;
			sourceTree = "<group>";
		};
		63ABC189246D650D00360F07 /* Font */ = {
			isa = PBXGroup;
			children = (
				63415E2F246FB5C600F0D7A0 /* Nunito-Light.ttf */,
				63415E30246FB5C600F0D7A0 /* Nunito-Regular.ttf */,
				63415E31246FB5C600F0D7A0 /* Nunito-SemiBold.ttf */,
				63415E32246FB5C600F0D7A0 /* Nunito-Bold.ttf */,
			);
			path = Font;
			sourceTree = "<group>";
		};
		63ABC18C246D650D00360F07 /* Sound */ = {
			isa = PBXGroup;
			children = (
			);
			path = Sound;
			sourceTree = "<group>";
		};
		63ABC1F9246D66B700360F07 /* Frameworks */ = {
			isa = PBXGroup;
			children = (
				636DDB9124750D140014C7DC /* MobileCoreServices.framework */,
				63ABC1FA246D66B800360F07 /* LocalAuthentication.framework */,
				EA8A6F056877617A8E08DADC /* Pods_Therapist_TerraHeal.framework */,
			);
			name = Frameworks;
			sourceTree = "<group>";
		};
		EDC6A2FA8675DE9EE08259B1 /* Pods */ = {
			isa = PBXGroup;
			children = (
				2D64E9E11E70D1B77E4F4BA9 /* Pods-Therapist TerraHeal.debug.xcconfig */,
				52F577F1D54D46E3263D2738 /* Pods-Therapist TerraHeal.release.xcconfig */,
			);
			path = Pods;
			sourceTree = "<group>";
		};
/* End PBXGroup section */

/* Begin PBXNativeTarget section */
		63ABC0B1246D64B500360F07 /* Therapist TerraHeal */ = {
			isa = PBXNativeTarget;
			buildConfigurationList = 63ABC0C6246D64B700360F07 /* Build configuration list for PBXNativeTarget "Therapist TerraHeal" */;
			buildPhases = (
				5C968FA975E4D3447D6017AB /* [CP] Check Pods Manifest.lock */,
				63ABC0AE246D64B500360F07 /* Sources */,
				63ABC0AF246D64B500360F07 /* Frameworks */,
				63ABC0B0246D64B500360F07 /* Resources */,
				DF70F73FF488A32EF87CA5CA /* [CP] Embed Pods Frameworks */,
				79724228CCBAF7D6B0D45752 /* [CP] Copy Pods Resources */,
			);
			buildRules = (
			);
			dependencies = (
			);
			name = "Therapist TerraHeal";
			productName = "Therapist TerraHeal";
			productReference = 63ABC0B2246D64B500360F07 /* Therapist TerraHeal.app */;
			productType = "com.apple.product-type.application";
		};
/* End PBXNativeTarget section */

/* Begin PBXProject section */
		63ABC0AA246D64B500360F07 /* Project object */ = {
			isa = PBXProject;
			attributes = {
				LastSwiftUpdateCheck = 1110;
				LastUpgradeCheck = 1110;
				ORGANIZATIONNAME = Evolution;
				TargetAttributes = {
					63ABC0B1246D64B500360F07 = {
						CreatedOnToolsVersion = 11.1;
						LastSwiftMigration = 1110;
					};
				};
			};
			buildConfigurationList = 63ABC0AD246D64B500360F07 /* Build configuration list for PBXProject "Therapist TerraHeal" */;
			compatibilityVersion = "Xcode 9.3";
			developmentRegion = en;
			hasScannedForEncodings = 0;
			knownRegions = (
				en,
				Base,
			);
			mainGroup = 63ABC0A9246D64B500360F07;
			productRefGroup = 63ABC0B3246D64B500360F07 /* Products */;
			projectDirPath = "";
			projectRoot = "";
			targets = (
				63ABC0B1246D64B500360F07 /* Therapist TerraHeal */,
			);
		};
/* End PBXProject section */

/* Begin PBXResourcesBuildPhase section */
		63ABC0B0246D64B500360F07 /* Resources */ = {
			isa = PBXResourcesBuildPhase;
			buildActionMask = 2147483647;
			files = (
				034518CF24C8221200AF7026 /* BookingDetailTblCell.xib in Resources */,
				63ABC1B1246D650D00360F07 /* UploadDocumentDialog.xib in Resources */,
				038AF12224C5E1DE00DDDDDA /* LoginVC.xib in Resources */,
				034518B124C8106A00AF7026 /* CustomAlertConfirmation.xib in Resources */,
				63ABC1B4246D650D00360F07 /* DocumentTblCell.xib in Resources */,
				63415E35246FB5C600F0D7A0 /* Nunito-SemiBold.ttf in Resources */,
				63ABC1F0246D650D00360F07 /* CommonColor.xcassets in Resources */,
				034518B924C8106A00AF7026 /* country_list.json in Resources */,
				038AF14224C5E47200DDDDDA /* HomeVC.xib in Resources */,
				034518BB24C8106A00AF7026 /* CustomCountryPhoneCodePicker.xib in Resources */,
				034518F624C84DC800AF7026 /* GallaryVC.xib in Resources */,
				034518BC24C8106A00AF7026 /* CustomMobileNumberDialog.xib in Resources */,
				034124A924C5CE0B009AC83D /* Localizable.strings in Resources */,
				63ABC1F1246D650D00360F07 /* Assets.xcassets in Resources */,
				63415E36246FB5C600F0D7A0 /* Nunito-Bold.ttf in Resources */,
				034518CE24C8221200AF7026 /* BookingDetailVC.xib in Resources */,
				034518C524C810E500AF7026 /* FingerPrintDialog.xib in Resources */,
				038AF14524C5E47200DDDDDA /* MyBookingTblCell.xib in Resources */,
				0345191524C8711D00AF7026 /* ServiceStatusVC.xib in Resources */,
				63415E33246FB5C600F0D7A0 /* Nunito-Light.ttf in Resources */,
				034518FC24C84DC800AF7026 /* CameraVC.xib in Resources */,
				034518EF24C84DC700AF7026 /* MapLocationVC.xib in Resources */,
				034518C024C8106A00AF7026 /* TextViewDialog.xib in Resources */,
				63ABC1F2246D650D00360F07 /* TherapistImages.xcassets in Resources */,
				034518B624C8106A00AF7026 /* CustomTextViewDialog.xib in Resources */,
				034518FB24C84DC800AF7026 /* CustomPhotoPicker.xib in Resources */,
				0342137124C6B3C500ABB285 /* LaunchVC.xib in Resources */,
				034518B324C8106A00AF7026 /* CustomAlert.xib in Resources */,
				034518F524C84DC800AF7026 /* PhotoCell.xib in Resources */,
				034518F724C84DC800AF7026 /* UIImageCropperVC.xib in Resources */,
				0345189624C7F6DF00AF7026 /* FilterTblCell.xib in Resources */,
				034518F024C84DC700AF7026 /* AutocompleteLocationCell.xib in Resources */,
				0345190D24C85FD000AF7026 /* ScanQRDialog.xib in Resources */,
				63415E34246FB5C600F0D7A0 /* Nunito-Regular.ttf in Resources */,
				0345190924C85EBE00AF7026 /* styleable_map.json in Resources */,
				034518BE24C8106A00AF7026 /* CustomTextFieldDialog.xib in Resources */,
				0345190424C84FE700AF7026 /* MapBookVC.xib in Resources */,
				034518B824C8106A00AF7026 /* CustomCountryPhoneCodePickerCell.xib in Resources */,
			);
			runOnlyForDeploymentPostprocessing = 0;
		};
/* End PBXResourcesBuildPhase section */

/* Begin PBXShellScriptBuildPhase section */
		5C968FA975E4D3447D6017AB /* [CP] Check Pods Manifest.lock */ = {
			isa = PBXShellScriptBuildPhase;
			buildActionMask = 2147483647;
			files = (
			);
			inputFileListPaths = (
			);
			inputPaths = (
				"${PODS_PODFILE_DIR_PATH}/Podfile.lock",
				"${PODS_ROOT}/Manifest.lock",
			);
			name = "[CP] Check Pods Manifest.lock";
			outputFileListPaths = (
			);
			outputPaths = (
				"$(DERIVED_FILE_DIR)/Pods-Therapist TerraHeal-checkManifestLockResult.txt",
			);
			runOnlyForDeploymentPostprocessing = 0;
			shellPath = /bin/sh;
			shellScript = "diff \"${PODS_PODFILE_DIR_PATH}/Podfile.lock\" \"${PODS_ROOT}/Manifest.lock\" > /dev/null\nif [ $? != 0 ] ; then\n    # print error to STDERR\n    echo \"error: The sandbox is not in sync with the Podfile.lock. Run 'pod install' or update your CocoaPods installation.\" >&2\n    exit 1\nfi\n# This output is used by Xcode 'outputs' to avoid re-running this script phase.\necho \"SUCCESS\" > \"${SCRIPT_OUTPUT_FILE_0}\"\n";
			showEnvVarsInLog = 0;
		};
		79724228CCBAF7D6B0D45752 /* [CP] Copy Pods Resources */ = {
			isa = PBXShellScriptBuildPhase;
			buildActionMask = 2147483647;
			files = (
			);
			inputFileListPaths = (
				"${PODS_ROOT}/Target Support Files/Pods-Therapist TerraHeal/Pods-Therapist TerraHeal-resources-${CONFIGURATION}-input-files.xcfilelist",
			);
			name = "[CP] Copy Pods Resources";
			outputFileListPaths = (
				"${PODS_ROOT}/Target Support Files/Pods-Therapist TerraHeal/Pods-Therapist TerraHeal-resources-${CONFIGURATION}-output-files.xcfilelist",
			);
			runOnlyForDeploymentPostprocessing = 0;
			shellPath = /bin/sh;
			shellScript = "\"${PODS_ROOT}/Target Support Files/Pods-Therapist TerraHeal/Pods-Therapist TerraHeal-resources.sh\"\n";
			showEnvVarsInLog = 0;
		};
		DF70F73FF488A32EF87CA5CA /* [CP] Embed Pods Frameworks */ = {
			isa = PBXShellScriptBuildPhase;
			buildActionMask = 2147483647;
			files = (
			);
			inputFileListPaths = (
				"${PODS_ROOT}/Target Support Files/Pods-Therapist TerraHeal/Pods-Therapist TerraHeal-frameworks-${CONFIGURATION}-input-files.xcfilelist",
			);
			name = "[CP] Embed Pods Frameworks";
			outputFileListPaths = (
				"${PODS_ROOT}/Target Support Files/Pods-Therapist TerraHeal/Pods-Therapist TerraHeal-frameworks-${CONFIGURATION}-output-files.xcfilelist",
			);
			runOnlyForDeploymentPostprocessing = 0;
			shellPath = /bin/sh;
			shellScript = "\"${PODS_ROOT}/Target Support Files/Pods-Therapist TerraHeal/Pods-Therapist TerraHeal-frameworks.sh\"\n";
			showEnvVarsInLog = 0;
		};
/* End PBXShellScriptBuildPhase section */

/* Begin PBXSourcesBuildPhase section */
		63ABC0AE246D64B500360F07 /* Sources */ = {
			isa = PBXSourcesBuildPhase;
			buildActionMask = 2147483647;
			files = (
				0345190624C84FE700AF7026 /* MapBookVC.swift in Sources */,
				0345191624C8711D00AF7026 /* ServiceStatusVC.swift in Sources */,
				034124F324C5CE8A009AC83D /* JDSubclasses + UIControl.swift in Sources */,
				034518F424C84DC800AF7026 /* PhotoCell.swift in Sources */,
				034124C024C5CE0B009AC83D /* ThemeBottomDialog.swift in Sources */,
				038AF12324C5E1DE00DDDDDA /* LoginVC.swift in Sources */,
				034124F624C5CE8A009AC83D /* UBottomSheetCoordinatorDataSource.swift in Sources */,
				034124BE24C5CE0B009AC83D /* ThemeView.swift in Sources */,
				034124AA24C5CE0B009AC83D /* PreferenceHelper.swift in Sources */,
				034124B724C5CE0B009AC83D /* SettingPreferenceWebservice.swift in Sources */,
				034124A824C5CE0B009AC83D /* ImageAssets.swift in Sources */,
				0341250024C5CE8A009AC83D /* JDImageExtension.swift in Sources */,
				034124F224C5CE8A009AC83D /* String+Localization.swift in Sources */,
				034124E724C5CE8A009AC83D /* Loader.swift in Sources */,
				034124B924C5CE0B009AC83D /* AddressWebService.swift in Sources */,
				63ABC1B2246D650D00360F07 /* UploadDocumentDialog.swift in Sources */,
				038AF14324C5E47200DDDDDA /* HomeVC.swift in Sources */,
				034124FA24C5CE8A009AC83D /* Draggable.swift in Sources */,
				034124F824C5CE8A009AC83D /* Extensions.swift in Sources */,
				034124EA24C5CE8A009AC83D /* TextField + InputConfiguration.swift in Sources */,
				034124B524C5CE0B009AC83D /* CountriesWebService.swift in Sources */,
				034518B224C8106A00AF7026 /* CustomAlertConfirmation.swift in Sources */,
				034124BD24C5CE0B009AC83D /* PinterestLayout.swift in Sources */,
				034518F924C84DC800AF7026 /* UIImage+FixOrientation.swift in Sources */,
				034124ED24C5CE8A009AC83D /* GoogleMapHelper.swift in Sources */,
				034518BA24C8106A00AF7026 /* CustomCountryPhoneCodePicker.swift in Sources */,
				034124EC24C5CE8A009AC83D /* JDSegmentControl.swift in Sources */,
				034124F524C5CE8A009AC83D /* PassThroughView.swift in Sources */,
				034518BD24C8106A00AF7026 /* CustomMobileNumberDialog.swift in Sources */,
				034518FE24C84DC800AF7026 /* CameraVC.swift in Sources */,
				034518BF24C8106A00AF7026 /* CustomTextFieldDialog.swift in Sources */,
				034124B324C5CE0B009AC83D /* CityWebService.swift in Sources */,
				034518F324C84DC800AF7026 /* GallaryVC.swift in Sources */,
				034124FB24C5CE8A009AC83D /* DefaultSheetAnimator.swift in Sources */,
				034124A724C5CE0B009AC83D /* Common.swift in Sources */,
				034518D024C8221200AF7026 /* BookingDetailTblCell.swift in Sources */,
				034124BA24C5CE0B009AC83D /* AppTheme.swift in Sources */,
				0341250124C5CE8A009AC83D /* LocationHelper.swift in Sources */,
				034518C124C8106A00AF7026 /* TextViewDialog.swift in Sources */,
				034124AB24C5CE0B009AC83D /* AlamofireHelper.swift in Sources */,
				034124B124C5CE0B009AC83D /* UserWebService.swift in Sources */,
				034124EF24C5CE8A009AC83D /* NSObject + Extension.swift in Sources */,
				034518C624C810E500AF7026 /* FingerPrintDialog.swift in Sources */,
				034518B524C8106A00AF7026 /* CustomTextViewDialog.swift in Sources */,
				034124BC24C5CE0B009AC83D /* ThemeTextField.swift in Sources */,
				63ABC1A6246D650D00360F07 /* AppDelegate.swift in Sources */,
				034518D124C8221200AF7026 /* BookingDetailVC.swift in Sources */,
				034124FC24C5CE8A009AC83D /* JDDeviceHelper.swift in Sources */,
				0345191024C86DF300AF7026 /* DashedCircleView.swift in Sources */,
				034124C124C5CE0B009AC83D /* Main.swift in Sources */,
				63ABC1B3246D650D00360F07 /* DocumentTblCell.swift in Sources */,
				034124AE24C5CE0B009AC83D /* ResponseModel.swift in Sources */,
				034518B424C8106A00AF7026 /* CustomAlert.swift in Sources */,
				034124F924C5CE8A009AC83D /* Animatable.swift in Sources */,
				038AF14424C5E47200DDDDDA /* MyBookingTblCell.swift in Sources */,
				034518F824C84DC800AF7026 /* UIImageCropperVC.swift in Sources */,
				0345189524C7F6DF00AF7026 /* FilterTblCell.swift in Sources */,
				034124A624C5CE0B009AC83D /* APP+NAVIGATION.swift in Sources */,
				034124F124C5CE8A009AC83D /* String + Validation.swift in Sources */,
				034518FA24C84DC800AF7026 /* CustomPhotoPicker.swift in Sources */,
				034124AC24C5CE0B009AC83D /* AppWebApi.swift in Sources */,
				034518F124C84DC700AF7026 /* AutocompleteLocationCell.swift in Sources */,
				0345190E24C85FD000AF7026 /* ScanQRDialog.swift in Sources */,
				034124EB24C5CE8A009AC83D /* RatingView.swift in Sources */,
				0345190524C84FE700AF7026 /* MapBook + MapView.swift in Sources */,
				034124C224C5CE0B009AC83D /* FontHelper.swift in Sources */,
				034124F424C5CE8A009AC83D /* UBottomSheetCoordinatorDelegate.swift in Sources */,
				034124E824C5CE8A009AC83D /* EditProfileTextfield.swift in Sources */,
				034518F224C84DC800AF7026 /* MapLocationVC.swift in Sources */,
				034124BF24C5CE0B009AC83D /* ThemeButton.swift in Sources */,
				034124B424C5CE0B009AC83D /* Singleton.swift in Sources */,
				034124E924C5CE8A009AC83D /* ACFloatingTextfield.swift in Sources */,
				034124FE24C5CE8A009AC83D /* UIViewController + Extension.swift in Sources */,
				034124F024C5CE8A009AC83D /* String + TypeCasting.swift in Sources */,
				034124F724C5CE8A009AC83D /* UBottomSheetCoordinator.swift in Sources */,
				034518B724C8106A00AF7026 /* CustomCountryPhoneCodePickerCell.swift in Sources */,
				034124A524C5CE0B009AC83D /* Constant.swift in Sources */,
				034124FF24C5CE8A009AC83D /* UITextField + Extension.swift in Sources */,
				034518FD24C84DC800AF7026 /* CameraController.swift in Sources */,
				034124FD24C5CE8A009AC83D /* UIView + Extension.swift in Sources */,
				034124EE24C5CE8A009AC83D /* DataType + Extesnion.swift in Sources */,
				034124AD24C5CE0B009AC83D /* Reachability.swift in Sources */,
				0342137224C6B3C500ABB285 /* LaunchVC.swift in Sources */,
				034124BB24C5CE0B009AC83D /* ThemeLabel.swift in Sources */,
				63ABC1A5246D650D00360F07 /* SceneDelegate.swift in Sources */,
			);
			runOnlyForDeploymentPostprocessing = 0;
		};
/* End PBXSourcesBuildPhase section */

/* Begin XCBuildConfiguration section */
		63ABC0C4246D64B700360F07 /* Debug */ = {
			isa = XCBuildConfiguration;
			buildSettings = {
				ALWAYS_SEARCH_USER_PATHS = NO;
				CLANG_ANALYZER_NONNULL = YES;
				CLANG_ANALYZER_NUMBER_OBJECT_CONVERSION = YES_AGGRESSIVE;
				CLANG_CXX_LANGUAGE_STANDARD = "gnu++14";
				CLANG_CXX_LIBRARY = "libc++";
				CLANG_ENABLE_MODULES = YES;
				CLANG_ENABLE_OBJC_ARC = YES;
				CLANG_ENABLE_OBJC_WEAK = YES;
				CLANG_WARN_BLOCK_CAPTURE_AUTORELEASING = YES;
				CLANG_WARN_BOOL_CONVERSION = YES;
				CLANG_WARN_COMMA = YES;
				CLANG_WARN_CONSTANT_CONVERSION = YES;
				CLANG_WARN_DEPRECATED_OBJC_IMPLEMENTATIONS = YES;
				CLANG_WARN_DIRECT_OBJC_ISA_USAGE = YES_ERROR;
				CLANG_WARN_DOCUMENTATION_COMMENTS = YES;
				CLANG_WARN_EMPTY_BODY = YES;
				CLANG_WARN_ENUM_CONVERSION = YES;
				CLANG_WARN_INFINITE_RECURSION = YES;
				CLANG_WARN_INT_CONVERSION = YES;
				CLANG_WARN_NON_LITERAL_NULL_CONVERSION = YES;
				CLANG_WARN_OBJC_IMPLICIT_RETAIN_SELF = YES;
				CLANG_WARN_OBJC_LITERAL_CONVERSION = YES;
				CLANG_WARN_OBJC_ROOT_CLASS = YES_ERROR;
				CLANG_WARN_RANGE_LOOP_ANALYSIS = YES;
				CLANG_WARN_STRICT_PROTOTYPES = YES;
				CLANG_WARN_SUSPICIOUS_MOVE = YES;
				CLANG_WARN_UNGUARDED_AVAILABILITY = YES_AGGRESSIVE;
				CLANG_WARN_UNREACHABLE_CODE = YES;
				CLANG_WARN__DUPLICATE_METHOD_MATCH = YES;
				COPY_PHASE_STRIP = NO;
				DEBUG_INFORMATION_FORMAT = dwarf;
				ENABLE_STRICT_OBJC_MSGSEND = YES;
				ENABLE_TESTABILITY = YES;
				GCC_C_LANGUAGE_STANDARD = gnu11;
				GCC_DYNAMIC_NO_PIC = NO;
				GCC_NO_COMMON_BLOCKS = YES;
				GCC_OPTIMIZATION_LEVEL = 0;
				GCC_PREPROCESSOR_DEFINITIONS = (
					"DEBUG=1",
					"$(inherited)",
				);
				GCC_WARN_64_TO_32_BIT_CONVERSION = YES;
				GCC_WARN_ABOUT_RETURN_TYPE = YES_ERROR;
				GCC_WARN_UNDECLARED_SELECTOR = YES;
				GCC_WARN_UNINITIALIZED_AUTOS = YES_AGGRESSIVE;
				GCC_WARN_UNUSED_FUNCTION = YES;
				GCC_WARN_UNUSED_VARIABLE = YES;
				IPHONEOS_DEPLOYMENT_TARGET = 13.1;
				MTL_ENABLE_DEBUG_INFO = INCLUDE_SOURCE;
				MTL_FAST_MATH = YES;
				ONLY_ACTIVE_ARCH = YES;
				SDKROOT = iphoneos;
				SWIFT_ACTIVE_COMPILATION_CONDITIONS = DEBUG;
				SWIFT_OPTIMIZATION_LEVEL = "-Onone";
			};
			name = Debug;
		};
		63ABC0C5246D64B700360F07 /* Release */ = {
			isa = XCBuildConfiguration;
			buildSettings = {
				ALWAYS_SEARCH_USER_PATHS = NO;
				CLANG_ANALYZER_NONNULL = YES;
				CLANG_ANALYZER_NUMBER_OBJECT_CONVERSION = YES_AGGRESSIVE;
				CLANG_CXX_LANGUAGE_STANDARD = "gnu++14";
				CLANG_CXX_LIBRARY = "libc++";
				CLANG_ENABLE_MODULES = YES;
				CLANG_ENABLE_OBJC_ARC = YES;
				CLANG_ENABLE_OBJC_WEAK = YES;
				CLANG_WARN_BLOCK_CAPTURE_AUTORELEASING = YES;
				CLANG_WARN_BOOL_CONVERSION = YES;
				CLANG_WARN_COMMA = YES;
				CLANG_WARN_CONSTANT_CONVERSION = YES;
				CLANG_WARN_DEPRECATED_OBJC_IMPLEMENTATIONS = YES;
				CLANG_WARN_DIRECT_OBJC_ISA_USAGE = YES_ERROR;
				CLANG_WARN_DOCUMENTATION_COMMENTS = YES;
				CLANG_WARN_EMPTY_BODY = YES;
				CLANG_WARN_ENUM_CONVERSION = YES;
				CLANG_WARN_INFINITE_RECURSION = YES;
				CLANG_WARN_INT_CONVERSION = YES;
				CLANG_WARN_NON_LITERAL_NULL_CONVERSION = YES;
				CLANG_WARN_OBJC_IMPLICIT_RETAIN_SELF = YES;
				CLANG_WARN_OBJC_LITERAL_CONVERSION = YES;
				CLANG_WARN_OBJC_ROOT_CLASS = YES_ERROR;
				CLANG_WARN_RANGE_LOOP_ANALYSIS = YES;
				CLANG_WARN_STRICT_PROTOTYPES = YES;
				CLANG_WARN_SUSPICIOUS_MOVE = YES;
				CLANG_WARN_UNGUARDED_AVAILABILITY = YES_AGGRESSIVE;
				CLANG_WARN_UNREACHABLE_CODE = YES;
				CLANG_WARN__DUPLICATE_METHOD_MATCH = YES;
				COPY_PHASE_STRIP = NO;
				DEBUG_INFORMATION_FORMAT = "dwarf-with-dsym";
				ENABLE_NS_ASSERTIONS = NO;
				ENABLE_STRICT_OBJC_MSGSEND = YES;
				GCC_C_LANGUAGE_STANDARD = gnu11;
				GCC_NO_COMMON_BLOCKS = YES;
				GCC_WARN_64_TO_32_BIT_CONVERSION = YES;
				GCC_WARN_ABOUT_RETURN_TYPE = YES_ERROR;
				GCC_WARN_UNDECLARED_SELECTOR = YES;
				GCC_WARN_UNINITIALIZED_AUTOS = YES_AGGRESSIVE;
				GCC_WARN_UNUSED_FUNCTION = YES;
				GCC_WARN_UNUSED_VARIABLE = YES;
				IPHONEOS_DEPLOYMENT_TARGET = 13.1;
				MTL_ENABLE_DEBUG_INFO = NO;
				MTL_FAST_MATH = YES;
				SDKROOT = iphoneos;
				SWIFT_COMPILATION_MODE = wholemodule;
				SWIFT_OPTIMIZATION_LEVEL = "-O";
				VALIDATE_PRODUCT = YES;
			};
			name = Release;
		};
		63ABC0C7246D64B700360F07 /* Debug */ = {
			isa = XCBuildConfiguration;
			baseConfigurationReference = 2D64E9E11E70D1B77E4F4BA9 /* Pods-Therapist TerraHeal.debug.xcconfig */;
			buildSettings = {
				ASSETCATALOG_COMPILER_APPICON_NAME = AppIcon;
				CLANG_ENABLE_MODULES = YES;
				CODE_SIGN_IDENTITY = "iPhone Developer";
				CODE_SIGN_STYLE = Manual;
				DEVELOPMENT_TEAM = 92Q7N837Q6;
				INFOPLIST_FILE = "Therapist TerraHeal/Info.plist";
				IPHONEOS_DEPLOYMENT_TARGET = 11.0;
				LD_RUNPATH_SEARCH_PATHS = (
					"$(inherited)",
					"@executable_path/Frameworks",
				);
				PRODUCT_BUNDLE_IDENTIFIER = com.therapist.terraheal;
				PRODUCT_NAME = "$(TARGET_NAME)";
				PROVISIONING_PROFILE_SPECIFIER = "Therapist  development";
				SWIFT_OBJC_BRIDGING_HEADER = "Therapist TerraHeal/Therapist TerraHeal-Bridging-Header.h";
				SWIFT_OPTIMIZATION_LEVEL = "-Onone";
				SWIFT_VERSION = 5.0;
				TARGETED_DEVICE_FAMILY = "1,2";
			};
			name = Debug;
		};
		63ABC0C8246D64B700360F07 /* Release */ = {
			isa = XCBuildConfiguration;
			baseConfigurationReference = 52F577F1D54D46E3263D2738 /* Pods-Therapist TerraHeal.release.xcconfig */;
			buildSettings = {
				ASSETCATALOG_COMPILER_APPICON_NAME = AppIcon;
				CLANG_ENABLE_MODULES = YES;
				CODE_SIGN_IDENTITY = "iPhone Developer";
				CODE_SIGN_STYLE = Manual;
				DEVELOPMENT_TEAM = 92Q7N837Q6;
				INFOPLIST_FILE = "Therapist TerraHeal/Info.plist";
				IPHONEOS_DEPLOYMENT_TARGET = 11.0;
				LD_RUNPATH_SEARCH_PATHS = (
					"$(inherited)",
					"@executable_path/Frameworks",
				);
				PRODUCT_BUNDLE_IDENTIFIER = com.therapist.terraheal;
				PRODUCT_NAME = "$(TARGET_NAME)";
				PROVISIONING_PROFILE_SPECIFIER = "Therapist  development";
				SWIFT_OBJC_BRIDGING_HEADER = "Therapist TerraHeal/Therapist TerraHeal-Bridging-Header.h";
				SWIFT_VERSION = 5.0;
				TARGETED_DEVICE_FAMILY = "1,2";
			};
			name = Release;
		};
/* End XCBuildConfiguration section */

/* Begin XCConfigurationList section */
		63ABC0AD246D64B500360F07 /* Build configuration list for PBXProject "Therapist TerraHeal" */ = {
			isa = XCConfigurationList;
			buildConfigurations = (
				63ABC0C4246D64B700360F07 /* Debug */,
				63ABC0C5246D64B700360F07 /* Release */,
			);
			defaultConfigurationIsVisible = 0;
			defaultConfigurationName = Release;
		};
		63ABC0C6246D64B700360F07 /* Build configuration list for PBXNativeTarget "Therapist TerraHeal" */ = {
			isa = XCConfigurationList;
			buildConfigurations = (
				63ABC0C7246D64B700360F07 /* Debug */,
				63ABC0C8246D64B700360F07 /* Release */,
			);
			defaultConfigurationIsVisible = 0;
			defaultConfigurationName = Release;
		};
/* End XCConfigurationList section */
	};
	rootObject = 63ABC0AA246D64B500360F07 /* Project object */;
}
